// !$*UTF8*$!
{
	archiveVersion = 1;
	classes = {
	};
	objectVersion = 46;
	objects = {

/* Begin PBXBuildFile section */
		C71C8D26178D9A0B0079978F /* GoogleFeedsAPI.m in Sources */ = {isa = PBXBuildFile; fileRef = C71C8D25178D9A0B0079978F /* GoogleFeedsAPI.m */; };
		C72310FE178BB1F300A8D7BA /* feedbinTaggingsNews.json in Resources */ = {isa = PBXBuildFile; fileRef = C72310FC178BB1F300A8D7BA /* feedbinTaggingsNews.json */; };
		C72310FF178BB1F300A8D7BA /* feedbinTaggingsTech.json in Resources */ = {isa = PBXBuildFile; fileRef = C72310FD178BB1F300A8D7BA /* feedbinTaggingsTech.json */; };
		C732385B178BEF970009DA29 /* RSSFeedManager.m in Sources */ = {isa = PBXBuildFile; fileRef = C732385A178BEF970009DA29 /* RSSFeedManager.m */; };
		C732385C178BEF970009DA29 /* RSSFeedManager.m in Sources */ = {isa = PBXBuildFile; fileRef = C732385A178BEF970009DA29 /* RSSFeedManager.m */; };
		C732385F178C07AE0009DA29 /* NSDate+InternetDateTime.m in Sources */ = {isa = PBXBuildFile; fileRef = C732385E178C07AE0009DA29 /* NSDate+InternetDateTime.m */; };
		C7323861178C0A5D0009DA29 /* DaringFireballFeed.xml in Resources */ = {isa = PBXBuildFile; fileRef = C7323860178C0A5D0009DA29 /* DaringFireballFeed.xml */; };
		C7323863178C0D180009DA29 /* DaringFireballFeed404.xml in Resources */ = {isa = PBXBuildFile; fileRef = C7323862178C0D180009DA29 /* DaringFireballFeed404.xml */; };
		C7323866178C26650009DA29 /* ZSContextWatcher.m in Sources */ = {isa = PBXBuildFile; fileRef = C7323865178C26650009DA29 /* ZSContextWatcher.m */; };
		C732F3E9178D033C0095D380 /* MiscTest.m in Sources */ = {isa = PBXBuildFile; fileRef = C732F3E8178D033C0095D380 /* MiscTest.m */; };
		C748FAFB178C456400B5E59F /* DiffBotAPIManager.m in Sources */ = {isa = PBXBuildFile; fileRef = C748FAFA178C456400B5E59F /* DiffBotAPIManager.m */; };
		C748FB01178C56A500B5E59F /* NSString+URLEncoding.m in Sources */ = {isa = PBXBuildFile; fileRef = C748FB00178C56A500B5E59F /* NSString+URLEncoding.m */; };
		C748FB03178C5B9800B5E59F /* DIffBotTest.m in Sources */ = {isa = PBXBuildFile; fileRef = C748FB02178C5B9800B5E59F /* DIffBotTest.m */; };
		C754B24D178FB5C70056B818 /* Diffbot_IClarified in Resources */ = {isa = PBXBuildFile; fileRef = C754B24C178FB5C70056B818 /* Diffbot_IClarified */; };
		C754B24F178FBA6A0056B818 /* iClarified.xml in Resources */ = {isa = PBXBuildFile; fileRef = C754B24E178FBA6A0056B818 /* iClarified.xml */; };
		C754B252178FBE2D0056B818 /* CoreData_2_Feed.zip in Resources */ = {isa = PBXBuildFile; fileRef = C754B250178FBE2D0056B818 /* CoreData_2_Feed.zip */; };
		C754B253178FBE2D0056B818 /* CoreData_6_Feed.zip in Resources */ = {isa = PBXBuildFile; fileRef = C754B251178FBE2D0056B818 /* CoreData_6_Feed.zip */; };
		C754B255178FBE680056B818 /* libz.dylib in Frameworks */ = {isa = PBXBuildFile; fileRef = C754B254178FBE680056B818 /* libz.dylib */; };
		C754B275178FBE970056B818 /* ioapi.c in Sources */ = {isa = PBXBuildFile; fileRef = C754B26B178FBE970056B818 /* ioapi.c */; };
		C754B276178FBE970056B818 /* mztools.c in Sources */ = {isa = PBXBuildFile; fileRef = C754B26D178FBE970056B818 /* mztools.c */; };
		C754B277178FBE970056B818 /* unzip.c in Sources */ = {isa = PBXBuildFile; fileRef = C754B26F178FBE970056B818 /* unzip.c */; };
		C754B278178FBE970056B818 /* zip.c in Sources */ = {isa = PBXBuildFile; fileRef = C754B271178FBE970056B818 /* zip.c */; };
		C754B279178FBE970056B818 /* SSZipArchive.m in Sources */ = {isa = PBXBuildFile; fileRef = C754B274178FBE970056B818 /* SSZipArchive.m */; };
		C754B27B178FC5D00056B818 /* FoxNewxFeed.xml in Resources */ = {isa = PBXBuildFile; fileRef = C754B27A178FC5D00056B818 /* FoxNewxFeed.xml */; };
		C762EC2017814C5700AF734E /* Foundation.framework in Frameworks */ = {isa = PBXBuildFile; fileRef = C762EC1F17814C5700AF734E /* Foundation.framework */; };
		C762EC2217814C5700AF734E /* CoreGraphics.framework in Frameworks */ = {isa = PBXBuildFile; fileRef = C762EC2117814C5700AF734E /* CoreGraphics.framework */; };
		C762EC2417814C5700AF734E /* UIKit.framework in Frameworks */ = {isa = PBXBuildFile; fileRef = C762EC2317814C5700AF734E /* UIKit.framework */; };
		C762EC2617814C5700AF734E /* CoreData.framework in Frameworks */ = {isa = PBXBuildFile; fileRef = C762EC2517814C5700AF734E /* CoreData.framework */; };
		C762EC2C17814C5700AF734E /* InfoPlist.strings in Resources */ = {isa = PBXBuildFile; fileRef = C762EC2A17814C5700AF734E /* InfoPlist.strings */; };
		C762EC2E17814C5700AF734E /* main.m in Sources */ = {isa = PBXBuildFile; fileRef = C762EC2D17814C5700AF734E /* main.m */; };
		C762EC3217814C5700AF734E /* AppDelegate.m in Sources */ = {isa = PBXBuildFile; fileRef = C762EC3117814C5700AF734E /* AppDelegate.m */; };
		C762EC3517814C5700AF734E /* News.xcdatamodeld in Sources */ = {isa = PBXBuildFile; fileRef = C762EC3317814C5700AF734E /* News.xcdatamodeld */; };
		C762EC3717814C5700AF734E /* Images.xcassets in Resources */ = {isa = PBXBuildFile; fileRef = C762EC3617814C5700AF734E /* Images.xcassets */; };
		C762EC3E17814C5700AF734E /* XCTest.framework in Frameworks */ = {isa = PBXBuildFile; fileRef = C762EC3D17814C5700AF734E /* XCTest.framework */; };
		C762EC3F17814C5700AF734E /* Foundation.framework in Frameworks */ = {isa = PBXBuildFile; fileRef = C762EC1F17814C5700AF734E /* Foundation.framework */; };
		C762EC4017814C5700AF734E /* UIKit.framework in Frameworks */ = {isa = PBXBuildFile; fileRef = C762EC2317814C5700AF734E /* UIKit.framework */; };
		C762EC4117814C5700AF734E /* CoreData.framework in Frameworks */ = {isa = PBXBuildFile; fileRef = C762EC2517814C5700AF734E /* CoreData.framework */; };
		C762EC4917814C5700AF734E /* InfoPlist.strings in Resources */ = {isa = PBXBuildFile; fileRef = C762EC4717814C5700AF734E /* InfoPlist.strings */; };
		C771B65D178A54D5007ADA69 /* NSManagedObjectContext-EasyFetch.m in Sources */ = {isa = PBXBuildFile; fileRef = C771B65C178A54D5007ADA69 /* NSManagedObjectContext-EasyFetch.m */; };
		C771B65F178A70D2007ADA69 /* ChannelTest.m in Sources */ = {isa = PBXBuildFile; fileRef = C771B65E178A70D2007ADA69 /* ChannelTest.m */; };
		C771B666178A7ECC007ADA69 /* ParserFeedbin.m in Sources */ = {isa = PBXBuildFile; fileRef = C771B665178A7ECC007ADA69 /* ParserFeedbin.m */; };
		C771B667178A7ECC007ADA69 /* ParserFeedbin.m in Sources */ = {isa = PBXBuildFile; fileRef = C771B665178A7ECC007ADA69 /* ParserFeedbin.m */; };
		C771B669178A7FF2007ADA69 /* ParserFeedbinTest.m in Sources */ = {isa = PBXBuildFile; fileRef = C771B668178A7FF2007ADA69 /* ParserFeedbinTest.m */; };
		C771B66E178AA064007ADA69 /* TagTest.m in Sources */ = {isa = PBXBuildFile; fileRef = C771B66D178AA064007ADA69 /* TagTest.m */; };
		C771B673178AA2B3007ADA69 /* feedbinSubscriptions70.json in Resources */ = {isa = PBXBuildFile; fileRef = C771B670178AA2B3007ADA69 /* feedbinSubscriptions70.json */; };
		C771B674178AA2B3007ADA69 /* feedbinSubscriptions72.json in Resources */ = {isa = PBXBuildFile; fileRef = C771B671178AA2B3007ADA69 /* feedbinSubscriptions72.json */; };
		C771B675178AA2B3007ADA69 /* feedbinTaggings.json in Resources */ = {isa = PBXBuildFile; fileRef = C771B672178AA2B3007ADA69 /* feedbinTaggings.json */; };
		C78A3CC7178F99C200E5D326 /* DisplayListManager.m in Sources */ = {isa = PBXBuildFile; fileRef = C78A3CC6178F99C200E5D326 /* DisplayListManager.m */; };
		C79530D4178D494300A2BBE4 /* Media.m in Sources */ = {isa = PBXBuildFile; fileRef = C79530D3178D494300A2BBE4 /* Media.m */; };
		C79530E0178D93B900A2BBE4 /* DisplayList.m in Sources */ = {isa = PBXBuildFile; fileRef = C79530DF178D93B900A2BBE4 /* DisplayList.m */; };
		C79A2404178BCBD300CB7E92 /* NSMutableString+RSSKit.m in Sources */ = {isa = PBXBuildFile; fileRef = C79A23F3178BCBD300CB7E92 /* NSMutableString+RSSKit.m */; };
		C79A2405178BCBD300CB7E92 /* RSS.png in Resources */ = {isa = PBXBuildFile; fileRef = C79A23F4178BCBD300CB7E92 /* RSS.png */; };
		C79A2406178BCBD300CB7E92 /* RSS.svg in Resources */ = {isa = PBXBuildFile; fileRef = C79A23F5178BCBD300CB7E92 /* RSS.svg */; };
		C79A2407178BCBD300CB7E92 /* RSSAttachedMedia.m in Sources */ = {isa = PBXBuildFile; fileRef = C79A23F7178BCBD300CB7E92 /* RSSAttachedMedia.m */; };
		C79A2408178BCBD300CB7E92 /* RSSCloudService.m in Sources */ = {isa = PBXBuildFile; fileRef = C79A23F9178BCBD300CB7E92 /* RSSCloudService.m */; };
		C79A2409178BCBD300CB7E92 /* RSSEntry.m in Sources */ = {isa = PBXBuildFile; fileRef = C79A23FC178BCBD300CB7E92 /* RSSEntry.m */; };
		C79A240A178BCBD300CB7E92 /* RSSFeed.m in Sources */ = {isa = PBXBuildFile; fileRef = C79A23FE178BCBD300CB7E92 /* RSSFeed.m */; };
		C79A240B178BCBD300CB7E92 /* RSSParser.m in Sources */ = {isa = PBXBuildFile; fileRef = C79A2401178BCBD300CB7E92 /* RSSParser.m */; };
		C79A240C178BCBD300CB7E92 /* SampleAtom_1.0.xml in Resources */ = {isa = PBXBuildFile; fileRef = C79A2402178BCBD300CB7E92 /* SampleAtom_1.0.xml */; };
		C79A2416178BDAE700CB7E92 /* RSSTest.m in Sources */ = {isa = PBXBuildFile; fileRef = C79A2415178BDAE700CB7E92 /* RSSTest.m */; };
		C79A2417178BDB2400CB7E92 /* SampleRSS_2.0.xml in Resources */ = {isa = PBXBuildFile; fileRef = C79A2403178BCBD300CB7E92 /* SampleRSS_2.0.xml */; };
		C79A2418178BDB7A00CB7E92 /* NSMutableString+RSSKit.m in Sources */ = {isa = PBXBuildFile; fileRef = C79A23F3178BCBD300CB7E92 /* NSMutableString+RSSKit.m */; };
		C79A2419178BDB7A00CB7E92 /* RSSAttachedMedia.m in Sources */ = {isa = PBXBuildFile; fileRef = C79A23F7178BCBD300CB7E92 /* RSSAttachedMedia.m */; };
		C79A241A178BDB7A00CB7E92 /* RSSCloudService.m in Sources */ = {isa = PBXBuildFile; fileRef = C79A23F9178BCBD300CB7E92 /* RSSCloudService.m */; };
		C79A241B178BDB7A00CB7E92 /* RSSEntry.m in Sources */ = {isa = PBXBuildFile; fileRef = C79A23FC178BCBD300CB7E92 /* RSSEntry.m */; };
		C79A241C178BDB7A00CB7E92 /* RSSFeed.m in Sources */ = {isa = PBXBuildFile; fileRef = C79A23FE178BCBD300CB7E92 /* RSSFeed.m */; };
		C79A241D178BDB7A00CB7E92 /* RSSParser.m in Sources */ = {isa = PBXBuildFile; fileRef = C79A2401178BCBD300CB7E92 /* RSSParser.m */; };
		C7AB8F5F178F9F1F0066BAC1 /* DisplayListTest.m in Sources */ = {isa = PBXBuildFile; fileRef = C7AB8F5D178F9F1B0066BAC1 /* DisplayListTest.m */; };
		C7AB8F7A178FAD5D0066BAC1 /* TestHelper.m in Sources */ = {isa = PBXBuildFile; fileRef = C7AB8F79178FAD5D0066BAC1 /* TestHelper.m */; };
		C7ADE8A2178DA2BB00B48793 /* SimpleFeedsQueryPickerViewController.m in Sources */ = {isa = PBXBuildFile; fileRef = C7ADE8A0178DA2BB00B48793 /* SimpleFeedsQueryPickerViewController.m */; };
		C7ADE8A3178DA2BB00B48793 /* SimpleFeedsQueryPickerViewController.xib in Resources */ = {isa = PBXBuildFile; fileRef = C7ADE8A1178DA2BB00B48793 /* SimpleFeedsQueryPickerViewController.xib */; };
		C7ADE8A6178EC6F200B48793 /* MediaFetcher.m in Sources */ = {isa = PBXBuildFile; fileRef = C7ADE8A5178EC6F200B48793 /* MediaFetcher.m */; };
		C7ADE8A9178ECBFB00B48793 /* ItemDetailFetcher.m in Sources */ = {isa = PBXBuildFile; fileRef = C7ADE8A8178ECBFA00B48793 /* ItemDetailFetcher.m */; };
		C7C1A82517903987005B3150 /* feedCell.xib in Resources */ = {isa = PBXBuildFile; fileRef = C7C1A82417903987005B3150 /* feedCell.xib */; };
		C7C1A84B17903F20005B3150 /* MKAnnotationView+WebCache.m in Sources */ = {isa = PBXBuildFile; fileRef = C7C1A82D17903F20005B3150 /* MKAnnotationView+WebCache.m */; };
		C7C1A84C17903F20005B3150 /* NSData+GIF.m in Sources */ = {isa = PBXBuildFile; fileRef = C7C1A82F17903F20005B3150 /* NSData+GIF.m */; };
		C7C1A84D17903F20005B3150 /* SDImageCache.m in Sources */ = {isa = PBXBuildFile; fileRef = C7C1A83117903F20005B3150 /* SDImageCache.m */; };
		C7C1A84E17903F20005B3150 /* SDWebImageCompat.m in Sources */ = {isa = PBXBuildFile; fileRef = C7C1A83317903F20005B3150 /* SDWebImageCompat.m */; };
		C7C1A84F17903F20005B3150 /* SDWebImageDecoder.m in Sources */ = {isa = PBXBuildFile; fileRef = C7C1A83517903F20005B3150 /* SDWebImageDecoder.m */; };
		C7C1A85017903F20005B3150 /* SDWebImageDownloader.m in Sources */ = {isa = PBXBuildFile; fileRef = C7C1A83717903F20005B3150 /* SDWebImageDownloader.m */; };
		C7C1A85117903F20005B3150 /* SDWebImageDownloaderOperation.m in Sources */ = {isa = PBXBuildFile; fileRef = C7C1A83917903F20005B3150 /* SDWebImageDownloaderOperation.m */; };
		C7C1A85217903F20005B3150 /* SDWebImageManager.m in Sources */ = {isa = PBXBuildFile; fileRef = C7C1A83B17903F20005B3150 /* SDWebImageManager.m */; };
		C7C1A85317903F20005B3150 /* SDWebImagePrefetcher.m in Sources */ = {isa = PBXBuildFile; fileRef = C7C1A83E17903F20005B3150 /* SDWebImagePrefetcher.m */; };
		C7C1A85417903F20005B3150 /* UIButton+WebCache.m in Sources */ = {isa = PBXBuildFile; fileRef = C7C1A84017903F20005B3150 /* UIButton+WebCache.m */; };
		C7C1A85517903F20005B3150 /* UIImage+GIF.m in Sources */ = {isa = PBXBuildFile; fileRef = C7C1A84217903F20005B3150 /* UIImage+GIF.m */; };
		C7C1A85617903F20005B3150 /* UIImage+MultiFormat.m in Sources */ = {isa = PBXBuildFile; fileRef = C7C1A84417903F20005B3150 /* UIImage+MultiFormat.m */; };
		C7C1A85717903F20005B3150 /* UIImage+WebP.m in Sources */ = {isa = PBXBuildFile; fileRef = C7C1A84617903F20005B3150 /* UIImage+WebP.m */; };
		C7C1A85817903F20005B3150 /* UIImageView+WebCache.m in Sources */ = {isa = PBXBuildFile; fileRef = C7C1A84817903F20005B3150 /* UIImageView+WebCache.m */; };
		C7C1A85B179042C4005B3150 /* FeedCell.m in Sources */ = {isa = PBXBuildFile; fileRef = C7C1A85A179042C4005B3150 /* FeedCell.m */; };
		C7E06652178D4AB600F44490 /* CoreDataRelationshipTest.m in Sources */ = {isa = PBXBuildFile; fileRef = C7E06650178D4AA200F44490 /* CoreDataRelationshipTest.m */; };
		C7E3CA50178859BB0044FADE /* FeedSyncManager.m in Sources */ = {isa = PBXBuildFile; fileRef = C7E3CA4F178859BB0044FADE /* FeedSyncManager.m */; };
		C7EA18FB1782BAAB0008D816 /* ISO8601DateFormatter.m in Sources */ = {isa = PBXBuildFile; fileRef = C7EA18F61782BAAB0008D816 /* ISO8601DateFormatter.m */; settings = {COMPILER_FLAGS = "-fno-objc-arc"; }; };
		C7EA18FC1782BAAB0008D816 /* NSData+Base64.m in Sources */ = {isa = PBXBuildFile; fileRef = C7EA18F81782BAAB0008D816 /* NSData+Base64.m */; };
		C7EA18FD1782BAAB0008D816 /* NSObject+JL_KeyPathIntrospection.m in Sources */ = {isa = PBXBuildFile; fileRef = C7EA18FA1782BAAB0008D816 /* NSObject+JL_KeyPathIntrospection.m */; };
		C7EA19001782BB8D0008D816 /* NSString+Base64.m in Sources */ = {isa = PBXBuildFile; fileRef = C7EA18FF1782BB8D0008D816 /* NSString+Base64.m */; };
		C7EA52BA1786894800E1304C /* CoreDataHelper.m in Sources */ = {isa = PBXBuildFile; fileRef = C7EA52A91786894800E1304C /* CoreDataHelper.m */; };
		C7EA52BB1786894800E1304C /* FeedBinAPI.m in Sources */ = {isa = PBXBuildFile; fileRef = C7EA52AB1786894800E1304C /* FeedBinAPI.m */; };
		C7EA52BC1786894800E1304C /* ParseEntryOperation.m in Sources */ = {isa = PBXBuildFile; fileRef = C7EA52AE1786894800E1304C /* ParseEntryOperation.m */; };
		C7EA52BD1786894800E1304C /* ParseOperation.m in Sources */ = {isa = PBXBuildFile; fileRef = C7EA52B01786894800E1304C /* ParseOperation.m */; };
		C7EA52BE1786894800E1304C /* ParseSubscriptionOperation.m in Sources */ = {isa = PBXBuildFile; fileRef = C7EA52B21786894800E1304C /* ParseSubscriptionOperation.m */; };
		C7EA52BF1786894800E1304C /* SimpleEntriesListViewController.m in Sources */ = {isa = PBXBuildFile; fileRef = C7EA52B51786894800E1304C /* SimpleEntriesListViewController.m */; };
		C7EA52C01786894800E1304C /* SimpleEntriesListViewController.xib in Resources */ = {isa = PBXBuildFile; fileRef = C7EA52B61786894800E1304C /* SimpleEntriesListViewController.xib */; };
		C7EA52C11786894800E1304C /* SimpleTableViewController.m in Sources */ = {isa = PBXBuildFile; fileRef = C7EA52B81786894800E1304C /* SimpleTableViewController.m */; };
		C7EA52C21786894800E1304C /* SimpleTableViewController.xib in Resources */ = {isa = PBXBuildFile; fileRef = C7EA52B91786894800E1304C /* SimpleTableViewController.xib */; };
		C7EA52C517868B1400E1304C /* ParseTagOperation.m in Sources */ = {isa = PBXBuildFile; fileRef = C7EA52C417868B1400E1304C /* ParseTagOperation.m */; };
		C7EA52CD17868B5700E1304C /* Channel.m in Sources */ = {isa = PBXBuildFile; fileRef = C7EA52C817868B5700E1304C /* Channel.m */; };
		C7EA52CF17868B5700E1304C /* Tag.m in Sources */ = {isa = PBXBuildFile; fileRef = C7EA52CC17868B5700E1304C /* Tag.m */; };
		C7EA52D21786C41C00E1304C /* Item.m in Sources */ = {isa = PBXBuildFile; fileRef = C7EA52D11786C41C00E1304C /* Item.m */; };
		C7EA52D51786C41C00E1304C /* ItemDetail.m in Sources */ = {isa = PBXBuildFile; fileRef = C7EA52D41786C41C00E1304C /* ItemDetail.m */; };
/* End PBXBuildFile section */

/* Begin PBXContainerItemProxy section */
		C762EC4217814C5700AF734E /* PBXContainerItemProxy */ = {
			isa = PBXContainerItemProxy;
			containerPortal = C762EC1417814C5700AF734E /* Project object */;
			proxyType = 1;
			remoteGlobalIDString = C762EC1B17814C5700AF734E;
			remoteInfo = News;
		};
/* End PBXContainerItemProxy section */

/* Begin PBXFileReference section */
		C71C8D24178D9A0B0079978F /* GoogleFeedsAPI.h */ = {isa = PBXFileReference; fileEncoding = 4; lastKnownFileType = sourcecode.c.h; path = GoogleFeedsAPI.h; sourceTree = "<group>"; };
		C71C8D25178D9A0B0079978F /* GoogleFeedsAPI.m */ = {isa = PBXFileReference; fileEncoding = 4; lastKnownFileType = sourcecode.c.objc; path = GoogleFeedsAPI.m; sourceTree = "<group>"; };
		C72310FC178BB1F300A8D7BA /* feedbinTaggingsNews.json */ = {isa = PBXFileReference; fileEncoding = 4; lastKnownFileType = text.json; path = feedbinTaggingsNews.json; sourceTree = "<group>"; };
		C72310FD178BB1F300A8D7BA /* feedbinTaggingsTech.json */ = {isa = PBXFileReference; fileEncoding = 4; lastKnownFileType = text.json; path = feedbinTaggingsTech.json; sourceTree = "<group>"; };
		C7323859178BEF970009DA29 /* RSSFeedManager.h */ = {isa = PBXFileReference; fileEncoding = 4; lastKnownFileType = sourcecode.c.h; path = RSSFeedManager.h; sourceTree = "<group>"; };
		C732385A178BEF970009DA29 /* RSSFeedManager.m */ = {isa = PBXFileReference; fileEncoding = 4; lastKnownFileType = sourcecode.c.objc; path = RSSFeedManager.m; sourceTree = "<group>"; };
		C732385D178C07AE0009DA29 /* NSDate+InternetDateTime.h */ = {isa = PBXFileReference; fileEncoding = 4; lastKnownFileType = sourcecode.c.h; path = "NSDate+InternetDateTime.h"; sourceTree = "<group>"; };
		C732385E178C07AE0009DA29 /* NSDate+InternetDateTime.m */ = {isa = PBXFileReference; fileEncoding = 4; lastKnownFileType = sourcecode.c.objc; path = "NSDate+InternetDateTime.m"; sourceTree = "<group>"; };
		C7323860178C0A5D0009DA29 /* DaringFireballFeed.xml */ = {isa = PBXFileReference; fileEncoding = 4; lastKnownFileType = text.xml; path = DaringFireballFeed.xml; sourceTree = "<group>"; };
		C7323862178C0D180009DA29 /* DaringFireballFeed404.xml */ = {isa = PBXFileReference; fileEncoding = 4; lastKnownFileType = text.xml; path = DaringFireballFeed404.xml; sourceTree = "<group>"; };
		C7323864178C26650009DA29 /* ZSContextWatcher.h */ = {isa = PBXFileReference; fileEncoding = 4; lastKnownFileType = sourcecode.c.h; path = ZSContextWatcher.h; sourceTree = "<group>"; };
		C7323865178C26650009DA29 /* ZSContextWatcher.m */ = {isa = PBXFileReference; fileEncoding = 4; lastKnownFileType = sourcecode.c.objc; path = ZSContextWatcher.m; sourceTree = "<group>"; };
		C732F3E8178D033C0095D380 /* MiscTest.m */ = {isa = PBXFileReference; fileEncoding = 4; lastKnownFileType = sourcecode.c.objc; path = MiscTest.m; sourceTree = "<group>"; };
		C748FAF9178C456400B5E59F /* DiffBotAPIManager.h */ = {isa = PBXFileReference; fileEncoding = 4; lastKnownFileType = sourcecode.c.h; path = DiffBotAPIManager.h; sourceTree = "<group>"; };
		C748FAFA178C456400B5E59F /* DiffBotAPIManager.m */ = {isa = PBXFileReference; fileEncoding = 4; lastKnownFileType = sourcecode.c.objc; path = DiffBotAPIManager.m; sourceTree = "<group>"; };
		C748FAFF178C56A500B5E59F /* NSString+URLEncoding.h */ = {isa = PBXFileReference; fileEncoding = 4; lastKnownFileType = sourcecode.c.h; path = "NSString+URLEncoding.h"; sourceTree = "<group>"; };
		C748FB00178C56A500B5E59F /* NSString+URLEncoding.m */ = {isa = PBXFileReference; fileEncoding = 4; lastKnownFileType = sourcecode.c.objc; path = "NSString+URLEncoding.m"; sourceTree = "<group>"; };
		C748FB02178C5B9800B5E59F /* DIffBotTest.m */ = {isa = PBXFileReference; fileEncoding = 4; lastKnownFileType = sourcecode.c.objc; path = DIffBotTest.m; sourceTree = "<group>"; };
		C754B24C178FB5C70056B818 /* Diffbot_IClarified */ = {isa = PBXFileReference; fileEncoding = 4; lastKnownFileType = text; path = Diffbot_IClarified; sourceTree = "<group>"; };
		C754B24E178FBA6A0056B818 /* iClarified.xml */ = {isa = PBXFileReference; fileEncoding = 4; lastKnownFileType = text.xml; path = iClarified.xml; sourceTree = "<group>"; };
		C754B250178FBE2D0056B818 /* CoreData_2_Feed.zip */ = {isa = PBXFileReference; lastKnownFileType = archive.zip; path = CoreData_2_Feed.zip; sourceTree = "<group>"; };
		C754B251178FBE2D0056B818 /* CoreData_6_Feed.zip */ = {isa = PBXFileReference; lastKnownFileType = archive.zip; path = CoreData_6_Feed.zip; sourceTree = "<group>"; };
		C754B254178FBE680056B818 /* libz.dylib */ = {isa = PBXFileReference; lastKnownFileType = "compiled.mach-o.dylib"; name = libz.dylib; path = usr/lib/libz.dylib; sourceTree = SDKROOT; };
		C754B26A178FBE970056B818 /* crypt.h */ = {isa = PBXFileReference; fileEncoding = 4; lastKnownFileType = sourcecode.c.h; path = crypt.h; sourceTree = "<group>"; };
		C754B26B178FBE970056B818 /* ioapi.c */ = {isa = PBXFileReference; fileEncoding = 4; lastKnownFileType = sourcecode.c.c; path = ioapi.c; sourceTree = "<group>"; };
		C754B26C178FBE970056B818 /* ioapi.h */ = {isa = PBXFileReference; fileEncoding = 4; lastKnownFileType = sourcecode.c.h; path = ioapi.h; sourceTree = "<group>"; };
		C754B26D178FBE970056B818 /* mztools.c */ = {isa = PBXFileReference; fileEncoding = 4; lastKnownFileType = sourcecode.c.c; path = mztools.c; sourceTree = "<group>"; };
		C754B26E178FBE970056B818 /* mztools.h */ = {isa = PBXFileReference; fileEncoding = 4; lastKnownFileType = sourcecode.c.h; path = mztools.h; sourceTree = "<group>"; };
		C754B26F178FBE970056B818 /* unzip.c */ = {isa = PBXFileReference; fileEncoding = 4; lastKnownFileType = sourcecode.c.c; path = unzip.c; sourceTree = "<group>"; };
		C754B270178FBE970056B818 /* unzip.h */ = {isa = PBXFileReference; fileEncoding = 4; lastKnownFileType = sourcecode.c.h; path = unzip.h; sourceTree = "<group>"; };
		C754B271178FBE970056B818 /* zip.c */ = {isa = PBXFileReference; fileEncoding = 4; lastKnownFileType = sourcecode.c.c; path = zip.c; sourceTree = "<group>"; };
		C754B272178FBE970056B818 /* zip.h */ = {isa = PBXFileReference; fileEncoding = 4; lastKnownFileType = sourcecode.c.h; path = zip.h; sourceTree = "<group>"; };
		C754B273178FBE970056B818 /* SSZipArchive.h */ = {isa = PBXFileReference; fileEncoding = 4; lastKnownFileType = sourcecode.c.h; path = SSZipArchive.h; sourceTree = "<group>"; };
		C754B274178FBE970056B818 /* SSZipArchive.m */ = {isa = PBXFileReference; fileEncoding = 4; lastKnownFileType = sourcecode.c.objc; path = SSZipArchive.m; sourceTree = "<group>"; };
		C754B27A178FC5D00056B818 /* FoxNewxFeed.xml */ = {isa = PBXFileReference; fileEncoding = 4; lastKnownFileType = text.xml; path = FoxNewxFeed.xml; sourceTree = "<group>"; };
		C762EC1C17814C5700AF734E /* News.app */ = {isa = PBXFileReference; explicitFileType = wrapper.application; includeInIndex = 0; path = News.app; sourceTree = BUILT_PRODUCTS_DIR; };
		C762EC1F17814C5700AF734E /* Foundation.framework */ = {isa = PBXFileReference; lastKnownFileType = wrapper.framework; name = Foundation.framework; path = System/Library/Frameworks/Foundation.framework; sourceTree = SDKROOT; };
		C762EC2117814C5700AF734E /* CoreGraphics.framework */ = {isa = PBXFileReference; lastKnownFileType = wrapper.framework; name = CoreGraphics.framework; path = System/Library/Frameworks/CoreGraphics.framework; sourceTree = SDKROOT; };
		C762EC2317814C5700AF734E /* UIKit.framework */ = {isa = PBXFileReference; lastKnownFileType = wrapper.framework; name = UIKit.framework; path = System/Library/Frameworks/UIKit.framework; sourceTree = SDKROOT; };
		C762EC2517814C5700AF734E /* CoreData.framework */ = {isa = PBXFileReference; lastKnownFileType = wrapper.framework; name = CoreData.framework; path = System/Library/Frameworks/CoreData.framework; sourceTree = SDKROOT; };
		C762EC2917814C5700AF734E /* News-Info.plist */ = {isa = PBXFileReference; lastKnownFileType = text.plist.xml; path = "News-Info.plist"; sourceTree = "<group>"; };
		C762EC2B17814C5700AF734E /* en */ = {isa = PBXFileReference; lastKnownFileType = text.plist.strings; name = en; path = en.lproj/InfoPlist.strings; sourceTree = "<group>"; };
		C762EC2D17814C5700AF734E /* main.m */ = {isa = PBXFileReference; lastKnownFileType = sourcecode.c.objc; path = main.m; sourceTree = "<group>"; };
		C762EC2F17814C5700AF734E /* News-Prefix.pch */ = {isa = PBXFileReference; lastKnownFileType = sourcecode.c.h; path = "News-Prefix.pch"; sourceTree = "<group>"; };
		C762EC3017814C5700AF734E /* AppDelegate.h */ = {isa = PBXFileReference; lastKnownFileType = sourcecode.c.h; path = AppDelegate.h; sourceTree = "<group>"; };
		C762EC3117814C5700AF734E /* AppDelegate.m */ = {isa = PBXFileReference; lastKnownFileType = sourcecode.c.objc; path = AppDelegate.m; sourceTree = "<group>"; };
		C762EC3417814C5700AF734E /* News.xcdatamodel */ = {isa = PBXFileReference; lastKnownFileType = wrapper.xcdatamodel; path = News.xcdatamodel; sourceTree = "<group>"; };
		C762EC3617814C5700AF734E /* Images.xcassets */ = {isa = PBXFileReference; lastKnownFileType = folder.assetcatalog; path = Images.xcassets; sourceTree = "<group>"; };
		C762EC3C17814C5700AF734E /* NewsTests.xctest */ = {isa = PBXFileReference; explicitFileType = wrapper.cfbundle; includeInIndex = 0; path = NewsTests.xctest; sourceTree = BUILT_PRODUCTS_DIR; };
		C762EC3D17814C5700AF734E /* XCTest.framework */ = {isa = PBXFileReference; lastKnownFileType = wrapper.framework; name = XCTest.framework; path = Library/Frameworks/XCTest.framework; sourceTree = DEVELOPER_DIR; };
		C762EC4617814C5700AF734E /* NewsTests-Info.plist */ = {isa = PBXFileReference; lastKnownFileType = text.plist.xml; path = "NewsTests-Info.plist"; sourceTree = "<group>"; };
		C762EC4817814C5700AF734E /* en */ = {isa = PBXFileReference; lastKnownFileType = text.plist.strings; name = en; path = en.lproj/InfoPlist.strings; sourceTree = "<group>"; };
		C771B65B178A54D5007ADA69 /* NSManagedObjectContext-EasyFetch.h */ = {isa = PBXFileReference; fileEncoding = 4; lastKnownFileType = sourcecode.c.h; path = "NSManagedObjectContext-EasyFetch.h"; sourceTree = "<group>"; };
		C771B65C178A54D5007ADA69 /* NSManagedObjectContext-EasyFetch.m */ = {isa = PBXFileReference; fileEncoding = 4; lastKnownFileType = sourcecode.c.objc; path = "NSManagedObjectContext-EasyFetch.m"; sourceTree = "<group>"; };
		C771B65E178A70D2007ADA69 /* ChannelTest.m */ = {isa = PBXFileReference; fileEncoding = 4; lastKnownFileType = sourcecode.c.objc; path = ChannelTest.m; sourceTree = "<group>"; };
		C771B664178A7ECC007ADA69 /* ParserFeedbin.h */ = {isa = PBXFileReference; fileEncoding = 4; lastKnownFileType = sourcecode.c.h; path = ParserFeedbin.h; sourceTree = "<group>"; };
		C771B665178A7ECC007ADA69 /* ParserFeedbin.m */ = {isa = PBXFileReference; fileEncoding = 4; lastKnownFileType = sourcecode.c.objc; path = ParserFeedbin.m; sourceTree = "<group>"; };
		C771B668178A7FF2007ADA69 /* ParserFeedbinTest.m */ = {isa = PBXFileReference; fileEncoding = 4; lastKnownFileType = sourcecode.c.objc; path = ParserFeedbinTest.m; sourceTree = "<group>"; };
		C771B66D178AA064007ADA69 /* TagTest.m */ = {isa = PBXFileReference; fileEncoding = 4; lastKnownFileType = sourcecode.c.objc; path = TagTest.m; sourceTree = "<group>"; };
		C771B670178AA2B3007ADA69 /* feedbinSubscriptions70.json */ = {isa = PBXFileReference; fileEncoding = 4; lastKnownFileType = text.json; path = feedbinSubscriptions70.json; sourceTree = "<group>"; };
		C771B671178AA2B3007ADA69 /* feedbinSubscriptions72.json */ = {isa = PBXFileReference; fileEncoding = 4; lastKnownFileType = text.json; path = feedbinSubscriptions72.json; sourceTree = "<group>"; };
		C771B672178AA2B3007ADA69 /* feedbinTaggings.json */ = {isa = PBXFileReference; fileEncoding = 4; lastKnownFileType = text.json; path = feedbinTaggings.json; sourceTree = "<group>"; };
		C78A3CC5178F99C200E5D326 /* DisplayListManager.h */ = {isa = PBXFileReference; fileEncoding = 4; lastKnownFileType = sourcecode.c.h; path = DisplayListManager.h; sourceTree = "<group>"; };
		C78A3CC6178F99C200E5D326 /* DisplayListManager.m */ = {isa = PBXFileReference; fileEncoding = 4; lastKnownFileType = sourcecode.c.objc; path = DisplayListManager.m; sourceTree = "<group>"; };
		C79530D2178D494300A2BBE4 /* Media.h */ = {isa = PBXFileReference; fileEncoding = 4; lastKnownFileType = sourcecode.c.h; path = Media.h; sourceTree = "<group>"; };
		C79530D3178D494300A2BBE4 /* Media.m */ = {isa = PBXFileReference; fileEncoding = 4; lastKnownFileType = sourcecode.c.objc; path = Media.m; sourceTree = "<group>"; };
		C79530DE178D93B900A2BBE4 /* DisplayList.h */ = {isa = PBXFileReference; fileEncoding = 4; lastKnownFileType = sourcecode.c.h; path = DisplayList.h; sourceTree = "<group>"; };
		C79530DF178D93B900A2BBE4 /* DisplayList.m */ = {isa = PBXFileReference; fileEncoding = 4; lastKnownFileType = sourcecode.c.objc; path = DisplayList.m; sourceTree = "<group>"; };
		C79A23F2178BCBD300CB7E92 /* NSMutableString+RSSKit.h */ = {isa = PBXFileReference; fileEncoding = 4; lastKnownFileType = sourcecode.c.h; path = "NSMutableString+RSSKit.h"; sourceTree = "<group>"; };
		C79A23F3178BCBD300CB7E92 /* NSMutableString+RSSKit.m */ = {isa = PBXFileReference; fileEncoding = 4; lastKnownFileType = sourcecode.c.objc; path = "NSMutableString+RSSKit.m"; sourceTree = "<group>"; };
		C79A23F4178BCBD300CB7E92 /* RSS.png */ = {isa = PBXFileReference; lastKnownFileType = image.png; path = RSS.png; sourceTree = "<group>"; };
		C79A23F5178BCBD300CB7E92 /* RSS.svg */ = {isa = PBXFileReference; fileEncoding = 4; lastKnownFileType = text.xml; path = RSS.svg; sourceTree = "<group>"; };
		C79A23F6178BCBD300CB7E92 /* RSSAttachedMedia.h */ = {isa = PBXFileReference; fileEncoding = 4; lastKnownFileType = sourcecode.c.h; path = RSSAttachedMedia.h; sourceTree = "<group>"; };
		C79A23F7178BCBD300CB7E92 /* RSSAttachedMedia.m */ = {isa = PBXFileReference; fileEncoding = 4; lastKnownFileType = sourcecode.c.objc; path = RSSAttachedMedia.m; sourceTree = "<group>"; };
		C79A23F8178BCBD300CB7E92 /* RSSCloudService.h */ = {isa = PBXFileReference; fileEncoding = 4; lastKnownFileType = sourcecode.c.h; path = RSSCloudService.h; sourceTree = "<group>"; };
		C79A23F9178BCBD300CB7E92 /* RSSCloudService.m */ = {isa = PBXFileReference; fileEncoding = 4; lastKnownFileType = sourcecode.c.objc; path = RSSCloudService.m; sourceTree = "<group>"; };
		C79A23FA178BCBD300CB7E92 /* RSSDefines.h */ = {isa = PBXFileReference; fileEncoding = 4; lastKnownFileType = sourcecode.c.h; path = RSSDefines.h; sourceTree = "<group>"; };
		C79A23FB178BCBD300CB7E92 /* RSSEntry.h */ = {isa = PBXFileReference; fileEncoding = 4; lastKnownFileType = sourcecode.c.h; path = RSSEntry.h; sourceTree = "<group>"; };
		C79A23FC178BCBD300CB7E92 /* RSSEntry.m */ = {isa = PBXFileReference; fileEncoding = 4; lastKnownFileType = sourcecode.c.objc; path = RSSEntry.m; sourceTree = "<group>"; };
		C79A23FD178BCBD300CB7E92 /* RSSFeed.h */ = {isa = PBXFileReference; fileEncoding = 4; lastKnownFileType = sourcecode.c.h; path = RSSFeed.h; sourceTree = "<group>"; };
		C79A23FE178BCBD300CB7E92 /* RSSFeed.m */ = {isa = PBXFileReference; fileEncoding = 4; lastKnownFileType = sourcecode.c.objc; path = RSSFeed.m; sourceTree = "<group>"; };
		C79A23FF178BCBD300CB7E92 /* RSSKit.h */ = {isa = PBXFileReference; fileEncoding = 4; lastKnownFileType = sourcecode.c.h; path = RSSKit.h; sourceTree = "<group>"; };
		C79A2400178BCBD300CB7E92 /* RSSParser.h */ = {isa = PBXFileReference; fileEncoding = 4; lastKnownFileType = sourcecode.c.h; path = RSSParser.h; sourceTree = "<group>"; };
		C79A2401178BCBD300CB7E92 /* RSSParser.m */ = {isa = PBXFileReference; fileEncoding = 4; lastKnownFileType = sourcecode.c.objc; path = RSSParser.m; sourceTree = "<group>"; };
		C79A2402178BCBD300CB7E92 /* SampleAtom_1.0.xml */ = {isa = PBXFileReference; fileEncoding = 4; lastKnownFileType = text.xml; path = SampleAtom_1.0.xml; sourceTree = "<group>"; };
		C79A2403178BCBD300CB7E92 /* SampleRSS_2.0.xml */ = {isa = PBXFileReference; fileEncoding = 4; lastKnownFileType = text.xml; path = SampleRSS_2.0.xml; sourceTree = "<group>"; };
		C79A2415178BDAE700CB7E92 /* RSSTest.m */ = {isa = PBXFileReference; fileEncoding = 4; lastKnownFileType = sourcecode.c.objc; path = RSSTest.m; sourceTree = "<group>"; };
		C7AB8F5D178F9F1B0066BAC1 /* DisplayListTest.m */ = {isa = PBXFileReference; fileEncoding = 4; lastKnownFileType = sourcecode.c.objc; path = DisplayListTest.m; sourceTree = "<group>"; };
		C7AB8F78178FAD5D0066BAC1 /* TestHelper.h */ = {isa = PBXFileReference; fileEncoding = 4; lastKnownFileType = sourcecode.c.h; name = TestHelper.h; path = ../TestHelper.h; sourceTree = "<group>"; };
		C7AB8F79178FAD5D0066BAC1 /* TestHelper.m */ = {isa = PBXFileReference; fileEncoding = 4; lastKnownFileType = sourcecode.c.objc; name = TestHelper.m; path = ../TestHelper.m; sourceTree = "<group>"; };
		C7ADE89F178DA2BB00B48793 /* SimpleFeedsQueryPickerViewController.h */ = {isa = PBXFileReference; fileEncoding = 4; lastKnownFileType = sourcecode.c.h; path = SimpleFeedsQueryPickerViewController.h; sourceTree = "<group>"; };
		C7ADE8A0178DA2BB00B48793 /* SimpleFeedsQueryPickerViewController.m */ = {isa = PBXFileReference; fileEncoding = 4; lastKnownFileType = sourcecode.c.objc; path = SimpleFeedsQueryPickerViewController.m; sourceTree = "<group>"; };
		C7ADE8A1178DA2BB00B48793 /* SimpleFeedsQueryPickerViewController.xib */ = {isa = PBXFileReference; fileEncoding = 4; lastKnownFileType = file.xib; path = SimpleFeedsQueryPickerViewController.xib; sourceTree = "<group>"; };
		C7ADE8A4178EC6F200B48793 /* MediaFetcher.h */ = {isa = PBXFileReference; fileEncoding = 4; lastKnownFileType = sourcecode.c.h; path = MediaFetcher.h; sourceTree = "<group>"; };
		C7ADE8A5178EC6F200B48793 /* MediaFetcher.m */ = {isa = PBXFileReference; fileEncoding = 4; lastKnownFileType = sourcecode.c.objc; path = MediaFetcher.m; sourceTree = "<group>"; };
		C7ADE8A7178ECBFA00B48793 /* ItemDetailFetcher.h */ = {isa = PBXFileReference; fileEncoding = 4; lastKnownFileType = sourcecode.c.h; path = ItemDetailFetcher.h; sourceTree = "<group>"; };
		C7ADE8A8178ECBFA00B48793 /* ItemDetailFetcher.m */ = {isa = PBXFileReference; fileEncoding = 4; lastKnownFileType = sourcecode.c.objc; path = ItemDetailFetcher.m; sourceTree = "<group>"; };
		C7C1A82417903987005B3150 /* feedCell.xib */ = {isa = PBXFileReference; fileEncoding = 4; lastKnownFileType = file.xib; path = feedCell.xib; sourceTree = "<group>"; };
		C7C1A82C17903F20005B3150 /* MKAnnotationView+WebCache.h */ = {isa = PBXFileReference; fileEncoding = 4; lastKnownFileType = sourcecode.c.h; path = "MKAnnotationView+WebCache.h"; sourceTree = "<group>"; };
		C7C1A82D17903F20005B3150 /* MKAnnotationView+WebCache.m */ = {isa = PBXFileReference; fileEncoding = 4; lastKnownFileType = sourcecode.c.objc; path = "MKAnnotationView+WebCache.m"; sourceTree = "<group>"; };
		C7C1A82E17903F20005B3150 /* NSData+GIF.h */ = {isa = PBXFileReference; fileEncoding = 4; lastKnownFileType = sourcecode.c.h; path = "NSData+GIF.h"; sourceTree = "<group>"; };
		C7C1A82F17903F20005B3150 /* NSData+GIF.m */ = {isa = PBXFileReference; fileEncoding = 4; lastKnownFileType = sourcecode.c.objc; path = "NSData+GIF.m"; sourceTree = "<group>"; };
		C7C1A83017903F20005B3150 /* SDImageCache.h */ = {isa = PBXFileReference; fileEncoding = 4; lastKnownFileType = sourcecode.c.h; path = SDImageCache.h; sourceTree = "<group>"; };
		C7C1A83117903F20005B3150 /* SDImageCache.m */ = {isa = PBXFileReference; fileEncoding = 4; lastKnownFileType = sourcecode.c.objc; path = SDImageCache.m; sourceTree = "<group>"; };
		C7C1A83217903F20005B3150 /* SDWebImageCompat.h */ = {isa = PBXFileReference; fileEncoding = 4; lastKnownFileType = sourcecode.c.h; path = SDWebImageCompat.h; sourceTree = "<group>"; };
		C7C1A83317903F20005B3150 /* SDWebImageCompat.m */ = {isa = PBXFileReference; fileEncoding = 4; lastKnownFileType = sourcecode.c.objc; path = SDWebImageCompat.m; sourceTree = "<group>"; };
		C7C1A83417903F20005B3150 /* SDWebImageDecoder.h */ = {isa = PBXFileReference; fileEncoding = 4; lastKnownFileType = sourcecode.c.h; path = SDWebImageDecoder.h; sourceTree = "<group>"; };
		C7C1A83517903F20005B3150 /* SDWebImageDecoder.m */ = {isa = PBXFileReference; fileEncoding = 4; lastKnownFileType = sourcecode.c.objc; path = SDWebImageDecoder.m; sourceTree = "<group>"; };
		C7C1A83617903F20005B3150 /* SDWebImageDownloader.h */ = {isa = PBXFileReference; fileEncoding = 4; lastKnownFileType = sourcecode.c.h; path = SDWebImageDownloader.h; sourceTree = "<group>"; };
		C7C1A83717903F20005B3150 /* SDWebImageDownloader.m */ = {isa = PBXFileReference; fileEncoding = 4; lastKnownFileType = sourcecode.c.objc; path = SDWebImageDownloader.m; sourceTree = "<group>"; };
		C7C1A83817903F20005B3150 /* SDWebImageDownloaderOperation.h */ = {isa = PBXFileReference; fileEncoding = 4; lastKnownFileType = sourcecode.c.h; path = SDWebImageDownloaderOperation.h; sourceTree = "<group>"; };
		C7C1A83917903F20005B3150 /* SDWebImageDownloaderOperation.m */ = {isa = PBXFileReference; fileEncoding = 4; lastKnownFileType = sourcecode.c.objc; path = SDWebImageDownloaderOperation.m; sourceTree = "<group>"; };
		C7C1A83A17903F20005B3150 /* SDWebImageManager.h */ = {isa = PBXFileReference; fileEncoding = 4; lastKnownFileType = sourcecode.c.h; path = SDWebImageManager.h; sourceTree = "<group>"; };
		C7C1A83B17903F20005B3150 /* SDWebImageManager.m */ = {isa = PBXFileReference; fileEncoding = 4; lastKnownFileType = sourcecode.c.objc; path = SDWebImageManager.m; sourceTree = "<group>"; };
		C7C1A83C17903F20005B3150 /* SDWebImageOperation.h */ = {isa = PBXFileReference; fileEncoding = 4; lastKnownFileType = sourcecode.c.h; path = SDWebImageOperation.h; sourceTree = "<group>"; };
		C7C1A83D17903F20005B3150 /* SDWebImagePrefetcher.h */ = {isa = PBXFileReference; fileEncoding = 4; lastKnownFileType = sourcecode.c.h; path = SDWebImagePrefetcher.h; sourceTree = "<group>"; };
		C7C1A83E17903F20005B3150 /* SDWebImagePrefetcher.m */ = {isa = PBXFileReference; fileEncoding = 4; lastKnownFileType = sourcecode.c.objc; path = SDWebImagePrefetcher.m; sourceTree = "<group>"; };
		C7C1A83F17903F20005B3150 /* UIButton+WebCache.h */ = {isa = PBXFileReference; fileEncoding = 4; lastKnownFileType = sourcecode.c.h; path = "UIButton+WebCache.h"; sourceTree = "<group>"; };
		C7C1A84017903F20005B3150 /* UIButton+WebCache.m */ = {isa = PBXFileReference; fileEncoding = 4; lastKnownFileType = sourcecode.c.objc; path = "UIButton+WebCache.m"; sourceTree = "<group>"; };
		C7C1A84117903F20005B3150 /* UIImage+GIF.h */ = {isa = PBXFileReference; fileEncoding = 4; lastKnownFileType = sourcecode.c.h; path = "UIImage+GIF.h"; sourceTree = "<group>"; };
		C7C1A84217903F20005B3150 /* UIImage+GIF.m */ = {isa = PBXFileReference; fileEncoding = 4; lastKnownFileType = sourcecode.c.objc; path = "UIImage+GIF.m"; sourceTree = "<group>"; };
		C7C1A84317903F20005B3150 /* UIImage+MultiFormat.h */ = {isa = PBXFileReference; fileEncoding = 4; lastKnownFileType = sourcecode.c.h; path = "UIImage+MultiFormat.h"; sourceTree = "<group>"; };
		C7C1A84417903F20005B3150 /* UIImage+MultiFormat.m */ = {isa = PBXFileReference; fileEncoding = 4; lastKnownFileType = sourcecode.c.objc; path = "UIImage+MultiFormat.m"; sourceTree = "<group>"; };
		C7C1A84517903F20005B3150 /* UIImage+WebP.h */ = {isa = PBXFileReference; fileEncoding = 4; lastKnownFileType = sourcecode.c.h; path = "UIImage+WebP.h"; sourceTree = "<group>"; };
		C7C1A84617903F20005B3150 /* UIImage+WebP.m */ = {isa = PBXFileReference; fileEncoding = 4; lastKnownFileType = sourcecode.c.objc; path = "UIImage+WebP.m"; sourceTree = "<group>"; };
		C7C1A84717903F20005B3150 /* UIImageView+WebCache.h */ = {isa = PBXFileReference; fileEncoding = 4; lastKnownFileType = sourcecode.c.h; path = "UIImageView+WebCache.h"; sourceTree = "<group>"; };
		C7C1A84817903F20005B3150 /* UIImageView+WebCache.m */ = {isa = PBXFileReference; fileEncoding = 4; lastKnownFileType = sourcecode.c.objc; path = "UIImageView+WebCache.m"; sourceTree = "<group>"; };
		C7C1A859179042C4005B3150 /* FeedCell.h */ = {isa = PBXFileReference; fileEncoding = 4; lastKnownFileType = sourcecode.c.h; path = FeedCell.h; sourceTree = "<group>"; };
		C7C1A85A179042C4005B3150 /* FeedCell.m */ = {isa = PBXFileReference; fileEncoding = 4; lastKnownFileType = sourcecode.c.objc; path = FeedCell.m; sourceTree = "<group>"; };
		C7E06650178D4AA200F44490 /* CoreDataRelationshipTest.m */ = {isa = PBXFileReference; fileEncoding = 4; lastKnownFileType = sourcecode.c.objc; path = CoreDataRelationshipTest.m; sourceTree = "<group>"; };
		C7E3CA4E178859BB0044FADE /* FeedSyncManager.h */ = {isa = PBXFileReference; fileEncoding = 4; lastKnownFileType = sourcecode.c.h; path = FeedSyncManager.h; sourceTree = "<group>"; };
		C7E3CA4F178859BB0044FADE /* FeedSyncManager.m */ = {isa = PBXFileReference; fileEncoding = 4; lastKnownFileType = sourcecode.c.objc; path = FeedSyncManager.m; sourceTree = "<group>"; };
		C7EA18F51782BAAB0008D816 /* ISO8601DateFormatter.h */ = {isa = PBXFileReference; fileEncoding = 4; lastKnownFileType = sourcecode.c.h; path = ISO8601DateFormatter.h; sourceTree = "<group>"; };
		C7EA18F61782BAAB0008D816 /* ISO8601DateFormatter.m */ = {isa = PBXFileReference; fileEncoding = 4; lastKnownFileType = sourcecode.c.objc; path = ISO8601DateFormatter.m; sourceTree = "<group>"; };
		C7EA18F71782BAAB0008D816 /* NSData+Base64.h */ = {isa = PBXFileReference; fileEncoding = 4; lastKnownFileType = sourcecode.c.h; path = "NSData+Base64.h"; sourceTree = "<group>"; };
		C7EA18F81782BAAB0008D816 /* NSData+Base64.m */ = {isa = PBXFileReference; fileEncoding = 4; lastKnownFileType = sourcecode.c.objc; path = "NSData+Base64.m"; sourceTree = "<group>"; };
		C7EA18F91782BAAB0008D816 /* NSObject+JL_KeyPathIntrospection.h */ = {isa = PBXFileReference; fileEncoding = 4; lastKnownFileType = sourcecode.c.h; path = "NSObject+JL_KeyPathIntrospection.h"; sourceTree = "<group>"; };
		C7EA18FA1782BAAB0008D816 /* NSObject+JL_KeyPathIntrospection.m */ = {isa = PBXFileReference; fileEncoding = 4; lastKnownFileType = sourcecode.c.objc; path = "NSObject+JL_KeyPathIntrospection.m"; sourceTree = "<group>"; };
		C7EA18FE1782BB8D0008D816 /* NSString+Base64.h */ = {isa = PBXFileReference; fileEncoding = 4; lastKnownFileType = sourcecode.c.h; path = "NSString+Base64.h"; sourceTree = "<group>"; };
		C7EA18FF1782BB8D0008D816 /* NSString+Base64.m */ = {isa = PBXFileReference; fileEncoding = 4; lastKnownFileType = sourcecode.c.objc; path = "NSString+Base64.m"; sourceTree = "<group>"; };
		C7EA52A81786894800E1304C /* CoreDataHelper.h */ = {isa = PBXFileReference; fileEncoding = 4; lastKnownFileType = sourcecode.c.h; path = CoreDataHelper.h; sourceTree = "<group>"; };
		C7EA52A91786894800E1304C /* CoreDataHelper.m */ = {isa = PBXFileReference; fileEncoding = 4; lastKnownFileType = sourcecode.c.objc; path = CoreDataHelper.m; sourceTree = "<group>"; };
		C7EA52AA1786894800E1304C /* FeedBinAPI.h */ = {isa = PBXFileReference; fileEncoding = 4; lastKnownFileType = sourcecode.c.h; path = FeedBinAPI.h; sourceTree = "<group>"; };
		C7EA52AB1786894800E1304C /* FeedBinAPI.m */ = {isa = PBXFileReference; fileEncoding = 4; lastKnownFileType = sourcecode.c.objc; path = FeedBinAPI.m; sourceTree = "<group>"; };
		C7EA52AD1786894800E1304C /* ParseEntryOperation.h */ = {isa = PBXFileReference; fileEncoding = 4; lastKnownFileType = sourcecode.c.h; path = ParseEntryOperation.h; sourceTree = "<group>"; };
		C7EA52AE1786894800E1304C /* ParseEntryOperation.m */ = {isa = PBXFileReference; fileEncoding = 4; lastKnownFileType = sourcecode.c.objc; path = ParseEntryOperation.m; sourceTree = "<group>"; };
		C7EA52AF1786894800E1304C /* ParseOperation.h */ = {isa = PBXFileReference; fileEncoding = 4; lastKnownFileType = sourcecode.c.h; path = ParseOperation.h; sourceTree = "<group>"; };
		C7EA52B01786894800E1304C /* ParseOperation.m */ = {isa = PBXFileReference; fileEncoding = 4; lastKnownFileType = sourcecode.c.objc; path = ParseOperation.m; sourceTree = "<group>"; };
		C7EA52B11786894800E1304C /* ParseSubscriptionOperation.h */ = {isa = PBXFileReference; fileEncoding = 4; lastKnownFileType = sourcecode.c.h; path = ParseSubscriptionOperation.h; sourceTree = "<group>"; };
		C7EA52B21786894800E1304C /* ParseSubscriptionOperation.m */ = {isa = PBXFileReference; fileEncoding = 4; lastKnownFileType = sourcecode.c.objc; path = ParseSubscriptionOperation.m; sourceTree = "<group>"; };
		C7EA52B41786894800E1304C /* SimpleEntriesListViewController.h */ = {isa = PBXFileReference; fileEncoding = 4; lastKnownFileType = sourcecode.c.h; path = SimpleEntriesListViewController.h; sourceTree = "<group>"; };
		C7EA52B51786894800E1304C /* SimpleEntriesListViewController.m */ = {isa = PBXFileReference; fileEncoding = 4; lastKnownFileType = sourcecode.c.objc; path = SimpleEntriesListViewController.m; sourceTree = "<group>"; };
		C7EA52B61786894800E1304C /* SimpleEntriesListViewController.xib */ = {isa = PBXFileReference; fileEncoding = 4; lastKnownFileType = file.xib; path = SimpleEntriesListViewController.xib; sourceTree = "<group>"; };
		C7EA52B71786894800E1304C /* SimpleTableViewController.h */ = {isa = PBXFileReference; fileEncoding = 4; lastKnownFileType = sourcecode.c.h; path = SimpleTableViewController.h; sourceTree = "<group>"; };
		C7EA52B81786894800E1304C /* SimpleTableViewController.m */ = {isa = PBXFileReference; fileEncoding = 4; lastKnownFileType = sourcecode.c.objc; path = SimpleTableViewController.m; sourceTree = "<group>"; };
		C7EA52B91786894800E1304C /* SimpleTableViewController.xib */ = {isa = PBXFileReference; fileEncoding = 4; lastKnownFileType = file.xib; path = SimpleTableViewController.xib; sourceTree = "<group>"; };
		C7EA52C317868B1400E1304C /* ParseTagOperation.h */ = {isa = PBXFileReference; fileEncoding = 4; lastKnownFileType = sourcecode.c.h; path = ParseTagOperation.h; sourceTree = "<group>"; };
		C7EA52C417868B1400E1304C /* ParseTagOperation.m */ = {isa = PBXFileReference; fileEncoding = 4; lastKnownFileType = sourcecode.c.objc; path = ParseTagOperation.m; sourceTree = "<group>"; };
		C7EA52C717868B5700E1304C /* Channel.h */ = {isa = PBXFileReference; fileEncoding = 4; lastKnownFileType = sourcecode.c.h; path = Channel.h; sourceTree = "<group>"; };
		C7EA52C817868B5700E1304C /* Channel.m */ = {isa = PBXFileReference; fileEncoding = 4; lastKnownFileType = sourcecode.c.objc; path = Channel.m; sourceTree = "<group>"; };
		C7EA52CB17868B5700E1304C /* Tag.h */ = {isa = PBXFileReference; fileEncoding = 4; lastKnownFileType = sourcecode.c.h; path = Tag.h; sourceTree = "<group>"; };
		C7EA52CC17868B5700E1304C /* Tag.m */ = {isa = PBXFileReference; fileEncoding = 4; lastKnownFileType = sourcecode.c.objc; path = Tag.m; sourceTree = "<group>"; };
		C7EA52D01786C41C00E1304C /* Item.h */ = {isa = PBXFileReference; fileEncoding = 4; lastKnownFileType = sourcecode.c.h; path = Item.h; sourceTree = "<group>"; };
		C7EA52D11786C41C00E1304C /* Item.m */ = {isa = PBXFileReference; fileEncoding = 4; lastKnownFileType = sourcecode.c.objc; path = Item.m; sourceTree = "<group>"; };
		C7EA52D31786C41C00E1304C /* ItemDetail.h */ = {isa = PBXFileReference; fileEncoding = 4; lastKnownFileType = sourcecode.c.h; path = ItemDetail.h; sourceTree = "<group>"; };
		C7EA52D41786C41C00E1304C /* ItemDetail.m */ = {isa = PBXFileReference; fileEncoding = 4; lastKnownFileType = sourcecode.c.objc; path = ItemDetail.m; sourceTree = "<group>"; };
/* End PBXFileReference section */

/* Begin PBXFrameworksBuildPhase section */
		C762EC1917814C5700AF734E /* Frameworks */ = {
			isa = PBXFrameworksBuildPhase;
			buildActionMask = 2147483647;
			files = (
				C762EC2217814C5700AF734E /* CoreGraphics.framework in Frameworks */,
				C762EC2617814C5700AF734E /* CoreData.framework in Frameworks */,
				C762EC2417814C5700AF734E /* UIKit.framework in Frameworks */,
				C762EC2017814C5700AF734E /* Foundation.framework in Frameworks */,
			);
			runOnlyForDeploymentPostprocessing = 0;
		};
		C762EC3917814C5700AF734E /* Frameworks */ = {
			isa = PBXFrameworksBuildPhase;
			buildActionMask = 2147483647;
			files = (
				C754B255178FBE680056B818 /* libz.dylib in Frameworks */,
				C762EC3E17814C5700AF734E /* XCTest.framework in Frameworks */,
				C762EC4117814C5700AF734E /* CoreData.framework in Frameworks */,
				C762EC4017814C5700AF734E /* UIKit.framework in Frameworks */,
				C762EC3F17814C5700AF734E /* Foundation.framework in Frameworks */,
			);
			runOnlyForDeploymentPostprocessing = 0;
		};
/* End PBXFrameworksBuildPhase section */

/* Begin PBXGroup section */
		C754B267178FBE970056B818 /* ThirdParty */ = {
			isa = PBXGroup;
			children = (
				C754B268178FBE970056B818 /* SSZipArchive */,
			);
			path = ThirdParty;
			sourceTree = "<group>";
		};
		C754B268178FBE970056B818 /* SSZipArchive */ = {
			isa = PBXGroup;
			children = (
				C754B269178FBE970056B818 /* minizip */,
				C754B273178FBE970056B818 /* SSZipArchive.h */,
				C754B274178FBE970056B818 /* SSZipArchive.m */,
			);
			path = SSZipArchive;
			sourceTree = "<group>";
		};
		C754B269178FBE970056B818 /* minizip */ = {
			isa = PBXGroup;
			children = (
				C754B26A178FBE970056B818 /* crypt.h */,
				C754B26B178FBE970056B818 /* ioapi.c */,
				C754B26C178FBE970056B818 /* ioapi.h */,
				C754B26D178FBE970056B818 /* mztools.c */,
				C754B26E178FBE970056B818 /* mztools.h */,
				C754B26F178FBE970056B818 /* unzip.c */,
				C754B270178FBE970056B818 /* unzip.h */,
				C754B271178FBE970056B818 /* zip.c */,
				C754B272178FBE970056B818 /* zip.h */,
			);
			path = minizip;
			sourceTree = "<group>";
		};
		C762EC1317814C5700AF734E = {
			isa = PBXGroup;
			children = (
				C762EC2717814C5700AF734E /* News */,
				C762EC4417814C5700AF734E /* NewsTests */,
				C762EC1D17814C5700AF734E /* Products */,
			);
			sourceTree = "<group>";
		};
		C762EC1D17814C5700AF734E /* Products */ = {
			isa = PBXGroup;
			children = (
				C762EC1C17814C5700AF734E /* News.app */,
				C762EC3C17814C5700AF734E /* NewsTests.xctest */,
			);
			name = Products;
			sourceTree = "<group>";
		};
		C762EC1E17814C5700AF734E /* Frameworks */ = {
			isa = PBXGroup;
			children = (
				C754B254178FBE680056B818 /* libz.dylib */,
				C762EC1F17814C5700AF734E /* Foundation.framework */,
				C762EC2117814C5700AF734E /* CoreGraphics.framework */,
				C762EC2317814C5700AF734E /* UIKit.framework */,
				C762EC2517814C5700AF734E /* CoreData.framework */,
				C762EC3D17814C5700AF734E /* XCTest.framework */,
			);
			name = Frameworks;
			path = ..;
			sourceTree = "<group>";
		};
		C762EC2717814C5700AF734E /* News */ = {
			isa = PBXGroup;
			children = (
				C78A3CC5178F99C200E5D326 /* DisplayListManager.h */,
				C78A3CC6178F99C200E5D326 /* DisplayListManager.m */,
				C7ADE8A4178EC6F200B48793 /* MediaFetcher.h */,
				C7ADE8A5178EC6F200B48793 /* MediaFetcher.m */,
				C7ADE8A7178ECBFA00B48793 /* ItemDetailFetcher.h */,
				C7ADE8A8178ECBFA00B48793 /* ItemDetailFetcher.m */,
				C7EA52C617868B5700E1304C /* ManagedObjects */,
				C7EA52A71786894800E1304C /* APIs */,
				C7EA52AC1786894800E1304C /* Parsers */,
				C7EA52B31786894800E1304C /* Views */,
				C762EC3017814C5700AF734E /* AppDelegate.h */,
				C762EC3117814C5700AF734E /* AppDelegate.m */,
				C762EC3617814C5700AF734E /* Images.xcassets */,
				C7EA18F41782BAAB0008D816 /* ThirdParty */,
				C762EC2817814C5700AF734E /* Supporting Files */,
			);
			path = News;
			sourceTree = "<group>";
		};
		C762EC2817814C5700AF734E /* Supporting Files */ = {
			isa = PBXGroup;
			children = (
				C762EC2917814C5700AF734E /* News-Info.plist */,
				C762EC2A17814C5700AF734E /* InfoPlist.strings */,
				C762EC2D17814C5700AF734E /* main.m */,
				C762EC2F17814C5700AF734E /* News-Prefix.pch */,
			);
			name = "Supporting Files";
			sourceTree = "<group>";
		};
		C762EC4417814C5700AF734E /* NewsTests */ = {
			isa = PBXGroup;
			children = (
				C771B65E178A70D2007ADA69 /* ChannelTest.m */,
				C771B66D178AA064007ADA69 /* TagTest.m */,
				C771B668178A7FF2007ADA69 /* ParserFeedbinTest.m */,
				C79A2415178BDAE700CB7E92 /* RSSTest.m */,
				C748FB02178C5B9800B5E59F /* DIffBotTest.m */,
				C732F3E8178D033C0095D380 /* MiscTest.m */,
				C7E06650178D4AA200F44490 /* CoreDataRelationshipTest.m */,
				C7AB8F5D178F9F1B0066BAC1 /* DisplayListTest.m */,
				C754B267178FBE970056B818 /* ThirdParty */,
				C771B66F178AA2B3007ADA69 /* Mock Data */,
				C762EC1E17814C5700AF734E /* Frameworks */,
				C762EC4517814C5700AF734E /* Supporting Files */,
			);
			path = NewsTests;
			sourceTree = "<group>";
		};
		C762EC4517814C5700AF734E /* Supporting Files */ = {
			isa = PBXGroup;
			children = (
				C762EC4617814C5700AF734E /* NewsTests-Info.plist */,
				C762EC4717814C5700AF734E /* InfoPlist.strings */,
			);
			name = "Supporting Files";
			sourceTree = "<group>";
		};
		C771B66F178AA2B3007ADA69 /* Mock Data */ = {
			isa = PBXGroup;
			children = (
				C7AB8F78178FAD5D0066BAC1 /* TestHelper.h */,
				C7AB8F79178FAD5D0066BAC1 /* TestHelper.m */,
				C771B670178AA2B3007ADA69 /* feedbinSubscriptions70.json */,
				C771B671178AA2B3007ADA69 /* feedbinSubscriptions72.json */,
				C771B672178AA2B3007ADA69 /* feedbinTaggings.json */,
				C72310FC178BB1F300A8D7BA /* feedbinTaggingsNews.json */,
				C72310FD178BB1F300A8D7BA /* feedbinTaggingsTech.json */,
				C7323862178C0D180009DA29 /* DaringFireballFeed404.xml */,
				C7323860178C0A5D0009DA29 /* DaringFireballFeed.xml */,
				C754B27A178FC5D00056B818 /* FoxNewxFeed.xml */,
				C754B24C178FB5C70056B818 /* Diffbot_IClarified */,
				C754B24E178FBA6A0056B818 /* iClarified.xml */,
				C754B250178FBE2D0056B818 /* CoreData_2_Feed.zip */,
				C754B251178FBE2D0056B818 /* CoreData_6_Feed.zip */,
			);
			path = "Mock Data";
			sourceTree = "<group>";
		};
		C79A23F1178BCBD300CB7E92 /* RSSKit */ = {
			isa = PBXGroup;
			children = (
				C79A23F2178BCBD300CB7E92 /* NSMutableString+RSSKit.h */,
				C79A23F3178BCBD300CB7E92 /* NSMutableString+RSSKit.m */,
				C79A23F4178BCBD300CB7E92 /* RSS.png */,
				C79A23F5178BCBD300CB7E92 /* RSS.svg */,
				C79A23F6178BCBD300CB7E92 /* RSSAttachedMedia.h */,
				C79A23F7178BCBD300CB7E92 /* RSSAttachedMedia.m */,
				C79A23F8178BCBD300CB7E92 /* RSSCloudService.h */,
				C79A23F9178BCBD300CB7E92 /* RSSCloudService.m */,
				C79A23FA178BCBD300CB7E92 /* RSSDefines.h */,
				C79A23FB178BCBD300CB7E92 /* RSSEntry.h */,
				C79A23FC178BCBD300CB7E92 /* RSSEntry.m */,
				C79A23FD178BCBD300CB7E92 /* RSSFeed.h */,
				C79A23FE178BCBD300CB7E92 /* RSSFeed.m */,
				C79A23FF178BCBD300CB7E92 /* RSSKit.h */,
				C79A2400178BCBD300CB7E92 /* RSSParser.h */,
				C79A2401178BCBD300CB7E92 /* RSSParser.m */,
				C79A2402178BCBD300CB7E92 /* SampleAtom_1.0.xml */,
				C79A2403178BCBD300CB7E92 /* SampleRSS_2.0.xml */,
			);
			path = RSSKit;
			sourceTree = "<group>";
		};
		C7C1A82B17903F20005B3150 /* SDWebImage */ = {
			isa = PBXGroup;
			children = (
				C7C1A82C17903F20005B3150 /* MKAnnotationView+WebCache.h */,
				C7C1A82D17903F20005B3150 /* MKAnnotationView+WebCache.m */,
				C7C1A82E17903F20005B3150 /* NSData+GIF.h */,
				C7C1A82F17903F20005B3150 /* NSData+GIF.m */,
				C7C1A83017903F20005B3150 /* SDImageCache.h */,
				C7C1A83117903F20005B3150 /* SDImageCache.m */,
				C7C1A83217903F20005B3150 /* SDWebImageCompat.h */,
				C7C1A83317903F20005B3150 /* SDWebImageCompat.m */,
				C7C1A83417903F20005B3150 /* SDWebImageDecoder.h */,
				C7C1A83517903F20005B3150 /* SDWebImageDecoder.m */,
				C7C1A83617903F20005B3150 /* SDWebImageDownloader.h */,
				C7C1A83717903F20005B3150 /* SDWebImageDownloader.m */,
				C7C1A83817903F20005B3150 /* SDWebImageDownloaderOperation.h */,
				C7C1A83917903F20005B3150 /* SDWebImageDownloaderOperation.m */,
				C7C1A83A17903F20005B3150 /* SDWebImageManager.h */,
				C7C1A83B17903F20005B3150 /* SDWebImageManager.m */,
				C7C1A83C17903F20005B3150 /* SDWebImageOperation.h */,
				C7C1A83D17903F20005B3150 /* SDWebImagePrefetcher.h */,
				C7C1A83E17903F20005B3150 /* SDWebImagePrefetcher.m */,
				C7C1A83F17903F20005B3150 /* UIButton+WebCache.h */,
				C7C1A84017903F20005B3150 /* UIButton+WebCache.m */,
				C7C1A84117903F20005B3150 /* UIImage+GIF.h */,
				C7C1A84217903F20005B3150 /* UIImage+GIF.m */,
				C7C1A84317903F20005B3150 /* UIImage+MultiFormat.h */,
				C7C1A84417903F20005B3150 /* UIImage+MultiFormat.m */,
				C7C1A84517903F20005B3150 /* UIImage+WebP.h */,
				C7C1A84617903F20005B3150 /* UIImage+WebP.m */,
				C7C1A84717903F20005B3150 /* UIImageView+WebCache.h */,
				C7C1A84817903F20005B3150 /* UIImageView+WebCache.m */,
			);
			path = SDWebImage;
			sourceTree = "<group>";
		};
		C7C1A84917903F20005B3150 /* Vendors */ = {
			isa = PBXGroup;
			children = (
				C7C1A84A17903F20005B3150 /* libwebp */,
			);
			path = Vendors;
			sourceTree = "<group>";
		};
		C7C1A84A17903F20005B3150 /* libwebp */ = {
			isa = PBXGroup;
			children = (
			);
			path = libwebp;
			sourceTree = "<group>";
		};
		C7EA18F41782BAAB0008D816 /* ThirdParty */ = {
			isa = PBXGroup;
			children = (
				C7C1A82B17903F20005B3150 /* SDWebImage */,
				C7C1A84917903F20005B3150 /* Vendors */,
				C79A23F1178BCBD300CB7E92 /* RSSKit */,
				C771B65B178A54D5007ADA69 /* NSManagedObjectContext-EasyFetch.h */,
				C771B65C178A54D5007ADA69 /* NSManagedObjectContext-EasyFetch.m */,
				C7EA18F51782BAAB0008D816 /* ISO8601DateFormatter.h */,
				C7EA18F61782BAAB0008D816 /* ISO8601DateFormatter.m */,
				C7EA18F71782BAAB0008D816 /* NSData+Base64.h */,
				C7EA18F81782BAAB0008D816 /* NSData+Base64.m */,
				C7EA18FE1782BB8D0008D816 /* NSString+Base64.h */,
				C7EA18FF1782BB8D0008D816 /* NSString+Base64.m */,
				C7EA18F91782BAAB0008D816 /* NSObject+JL_KeyPathIntrospection.h */,
				C7EA18FA1782BAAB0008D816 /* NSObject+JL_KeyPathIntrospection.m */,
				C732385D178C07AE0009DA29 /* NSDate+InternetDateTime.h */,
				C732385E178C07AE0009DA29 /* NSDate+InternetDateTime.m */,
				C7323864178C26650009DA29 /* ZSContextWatcher.h */,
				C7323865178C26650009DA29 /* ZSContextWatcher.m */,
				C748FAFF178C56A500B5E59F /* NSString+URLEncoding.h */,
				C748FB00178C56A500B5E59F /* NSString+URLEncoding.m */,
			);
			path = ThirdParty;
			sourceTree = "<group>";
		};
		C7EA52A71786894800E1304C /* APIs */ = {
			isa = PBXGroup;
			children = (
				C7EA52A81786894800E1304C /* CoreDataHelper.h */,
				C7EA52A91786894800E1304C /* CoreDataHelper.m */,
				C7EA52AA1786894800E1304C /* FeedBinAPI.h */,
				C7EA52AB1786894800E1304C /* FeedBinAPI.m */,
				C7E3CA4E178859BB0044FADE /* FeedSyncManager.h */,
				C7E3CA4F178859BB0044FADE /* FeedSyncManager.m */,
				C7323859178BEF970009DA29 /* RSSFeedManager.h */,
				C732385A178BEF970009DA29 /* RSSFeedManager.m */,
				C748FAF9178C456400B5E59F /* DiffBotAPIManager.h */,
				C748FAFA178C456400B5E59F /* DiffBotAPIManager.m */,
				C71C8D24178D9A0B0079978F /* GoogleFeedsAPI.h */,
				C71C8D25178D9A0B0079978F /* GoogleFeedsAPI.m */,
			);
			path = APIs;
			sourceTree = "<group>";
		};
		C7EA52AC1786894800E1304C /* Parsers */ = {
			isa = PBXGroup;
			children = (
				C7EA52AF1786894800E1304C /* ParseOperation.h */,
				C7EA52B01786894800E1304C /* ParseOperation.m */,
				C7EA52C317868B1400E1304C /* ParseTagOperation.h */,
				C7EA52C417868B1400E1304C /* ParseTagOperation.m */,
				C7EA52AD1786894800E1304C /* ParseEntryOperation.h */,
				C7EA52AE1786894800E1304C /* ParseEntryOperation.m */,
				C7EA52B11786894800E1304C /* ParseSubscriptionOperation.h */,
				C7EA52B21786894800E1304C /* ParseSubscriptionOperation.m */,
				C771B664178A7ECC007ADA69 /* ParserFeedbin.h */,
				C771B665178A7ECC007ADA69 /* ParserFeedbin.m */,
			);
			path = Parsers;
			sourceTree = "<group>";
		};
		C7EA52B31786894800E1304C /* Views */ = {
			isa = PBXGroup;
			children = (
				C7EA52B41786894800E1304C /* SimpleEntriesListViewController.h */,
				C7EA52B51786894800E1304C /* SimpleEntriesListViewController.m */,
				C7EA52B61786894800E1304C /* SimpleEntriesListViewController.xib */,
				C7EA52B71786894800E1304C /* SimpleTableViewController.h */,
				C7EA52B81786894800E1304C /* SimpleTableViewController.m */,
				C7EA52B91786894800E1304C /* SimpleTableViewController.xib */,
				C7ADE89F178DA2BB00B48793 /* SimpleFeedsQueryPickerViewController.h */,
				C7ADE8A0178DA2BB00B48793 /* SimpleFeedsQueryPickerViewController.m */,
				C7ADE8A1178DA2BB00B48793 /* SimpleFeedsQueryPickerViewController.xib */,
				C7C1A82417903987005B3150 /* feedCell.xib */,
				C7C1A859179042C4005B3150 /* FeedCell.h */,
				C7C1A85A179042C4005B3150 /* FeedCell.m */,
			);
			path = Views;
			sourceTree = "<group>";
		};
		C7EA52C617868B5700E1304C /* ManagedObjects */ = {
			isa = PBXGroup;
			children = (
				C762EC3317814C5700AF734E /* News.xcdatamodeld */,
				C79530D2178D494300A2BBE4 /* Media.h */,
				C79530D3178D494300A2BBE4 /* Media.m */,
				C79530DE178D93B900A2BBE4 /* DisplayList.h */,
				C79530DF178D93B900A2BBE4 /* DisplayList.m */,
				C7EA52D31786C41C00E1304C /* ItemDetail.h */,
				C7EA52D41786C41C00E1304C /* ItemDetail.m */,
				C7EA52D01786C41C00E1304C /* Item.h */,
				C7EA52D11786C41C00E1304C /* Item.m */,
				C7EA52C717868B5700E1304C /* Channel.h */,
				C7EA52C817868B5700E1304C /* Channel.m */,
				C7EA52CB17868B5700E1304C /* Tag.h */,
				C7EA52CC17868B5700E1304C /* Tag.m */,
			);
			path = ManagedObjects;
			sourceTree = "<group>";
		};
/* End PBXGroup section */

/* Begin PBXNativeTarget section */
		C762EC1B17814C5700AF734E /* News */ = {
			isa = PBXNativeTarget;
			buildConfigurationList = C762EC4E17814C5700AF734E /* Build configuration list for PBXNativeTarget "News" */;
			buildPhases = (
				C762EC1817814C5700AF734E /* Sources */,
				C762EC1917814C5700AF734E /* Frameworks */,
				C762EC1A17814C5700AF734E /* Resources */,
			);
			buildRules = (
			);
			dependencies = (
			);
			name = News;
			productName = News;
			productReference = C762EC1C17814C5700AF734E /* News.app */;
			productType = "com.apple.product-type.application";
		};
		C762EC3B17814C5700AF734E /* NewsTests */ = {
			isa = PBXNativeTarget;
			buildConfigurationList = C762EC5117814C5700AF734E /* Build configuration list for PBXNativeTarget "NewsTests" */;
			buildPhases = (
				C762EC3817814C5700AF734E /* Sources */,
				C762EC3917814C5700AF734E /* Frameworks */,
				C762EC3A17814C5700AF734E /* Resources */,
			);
			buildRules = (
			);
			dependencies = (
				C762EC4317814C5700AF734E /* PBXTargetDependency */,
			);
			name = NewsTests;
			productName = NewsTests;
			productReference = C762EC3C17814C5700AF734E /* NewsTests.xctest */;
			productType = "com.apple.product-type.bundle.unit-test";
		};
/* End PBXNativeTarget section */

/* Begin PBXProject section */
		C762EC1417814C5700AF734E /* Project object */ = {
			isa = PBXProject;
			attributes = {
				LastUpgradeCheck = 0500;
				ORGANIZATIONNAME = "karta sutanto";
				TargetAttributes = {
					C762EC3B17814C5700AF734E = {
						TestTargetID = C762EC1B17814C5700AF734E;
					};
				};
			};
			buildConfigurationList = C762EC1717814C5700AF734E /* Build configuration list for PBXProject "News" */;
			compatibilityVersion = "Xcode 3.2";
			developmentRegion = English;
			hasScannedForEncodings = 0;
			knownRegions = (
				en,
			);
			mainGroup = C762EC1317814C5700AF734E;
			productRefGroup = C762EC1D17814C5700AF734E /* Products */;
			projectDirPath = "";
			projectRoot = "";
			targets = (
				C762EC1B17814C5700AF734E /* News */,
				C762EC3B17814C5700AF734E /* NewsTests */,
			);
		};
/* End PBXProject section */

/* Begin PBXResourcesBuildPhase section */
		C762EC1A17814C5700AF734E /* Resources */ = {
			isa = PBXResourcesBuildPhase;
			buildActionMask = 2147483647;
			files = (
				C762EC2C17814C5700AF734E /* InfoPlist.strings in Resources */,
				C762EC3717814C5700AF734E /* Images.xcassets in Resources */,
				C7EA52C01786894800E1304C /* SimpleEntriesListViewController.xib in Resources */,
				C79A240C178BCBD300CB7E92 /* SampleAtom_1.0.xml in Resources */,
				C7C1A82517903987005B3150 /* feedCell.xib in Resources */,
				C79A2406178BCBD300CB7E92 /* RSS.svg in Resources */,
				C7ADE8A3178DA2BB00B48793 /* SimpleFeedsQueryPickerViewController.xib in Resources */,
				C7EA52C21786894800E1304C /* SimpleTableViewController.xib in Resources */,
				C79A2405178BCBD300CB7E92 /* RSS.png in Resources */,
			);
			runOnlyForDeploymentPostprocessing = 0;
		};
		C762EC3A17814C5700AF734E /* Resources */ = {
			isa = PBXResourcesBuildPhase;
			buildActionMask = 2147483647;
			files = (
				C754B253178FBE2D0056B818 /* CoreData_6_Feed.zip in Resources */,
				C771B673178AA2B3007ADA69 /* feedbinSubscriptions70.json in Resources */,
				C72310FF178BB1F300A8D7BA /* feedbinTaggingsTech.json in Resources */,
				C79A2417178BDB2400CB7E92 /* SampleRSS_2.0.xml in Resources */,
				C754B24F178FBA6A0056B818 /* iClarified.xml in Resources */,
				C754B27B178FC5D00056B818 /* FoxNewxFeed.xml in Resources */,
				C771B675178AA2B3007ADA69 /* feedbinTaggings.json in Resources */,
				C771B674178AA2B3007ADA69 /* feedbinSubscriptions72.json in Resources */,
				C762EC4917814C5700AF734E /* InfoPlist.strings in Resources */,
				C72310FE178BB1F300A8D7BA /* feedbinTaggingsNews.json in Resources */,
				C754B24D178FB5C70056B818 /* Diffbot_IClarified in Resources */,
				C7323863178C0D180009DA29 /* DaringFireballFeed404.xml in Resources */,
				C7323861178C0A5D0009DA29 /* DaringFireballFeed.xml in Resources */,
				C754B252178FBE2D0056B818 /* CoreData_2_Feed.zip in Resources */,
			);
			runOnlyForDeploymentPostprocessing = 0;
		};
/* End PBXResourcesBuildPhase section */

/* Begin PBXSourcesBuildPhase section */
		C762EC1817814C5700AF734E /* Sources */ = {
			isa = PBXSourcesBuildPhase;
			buildActionMask = 2147483647;
			files = (
				C7C1A85617903F20005B3150 /* UIImage+MultiFormat.m in Sources */,
				C7C1A85017903F20005B3150 /* SDWebImageDownloader.m in Sources */,
				C7C1A85717903F20005B3150 /* UIImage+WebP.m in Sources */,
				C748FB01178C56A500B5E59F /* NSString+URLEncoding.m in Sources */,
				C79A2404178BCBD300CB7E92 /* NSMutableString+RSSKit.m in Sources */,
				C748FAFB178C456400B5E59F /* DiffBotAPIManager.m in Sources */,
				C732385F178C07AE0009DA29 /* NSDate+InternetDateTime.m in Sources */,
				C771B65D178A54D5007ADA69 /* NSManagedObjectContext-EasyFetch.m in Sources */,
				C71C8D26178D9A0B0079978F /* GoogleFeedsAPI.m in Sources */,
				C7C1A85117903F20005B3150 /* SDWebImageDownloaderOperation.m in Sources */,
				C7EA52D21786C41C00E1304C /* Item.m in Sources */,
				C7C1A84F17903F20005B3150 /* SDWebImageDecoder.m in Sources */,
				C7EA52CF17868B5700E1304C /* Tag.m in Sources */,
				C7ADE8A9178ECBFB00B48793 /* ItemDetailFetcher.m in Sources */,
				C7EA52C11786894800E1304C /* SimpleTableViewController.m in Sources */,
				C7C1A84B17903F20005B3150 /* MKAnnotationView+WebCache.m in Sources */,
				C7ADE8A2178DA2BB00B48793 /* SimpleFeedsQueryPickerViewController.m in Sources */,
				C79A2409178BCBD300CB7E92 /* RSSEntry.m in Sources */,
				C7E3CA50178859BB0044FADE /* FeedSyncManager.m in Sources */,
				C7C1A85417903F20005B3150 /* UIButton+WebCache.m in Sources */,
				C7EA52BC1786894800E1304C /* ParseEntryOperation.m in Sources */,
				C79A240A178BCBD300CB7E92 /* RSSFeed.m in Sources */,
				C771B666178A7ECC007ADA69 /* ParserFeedbin.m in Sources */,
				C7EA18FC1782BAAB0008D816 /* NSData+Base64.m in Sources */,
				C7323866178C26650009DA29 /* ZSContextWatcher.m in Sources */,
				C7EA52D51786C41C00E1304C /* ItemDetail.m in Sources */,
				C7EA52BB1786894800E1304C /* FeedBinAPI.m in Sources */,
				C762EC3217814C5700AF734E /* AppDelegate.m in Sources */,
				C7ADE8A6178EC6F200B48793 /* MediaFetcher.m in Sources */,
				C7EA52BD1786894800E1304C /* ParseOperation.m in Sources */,
				C7EA19001782BB8D0008D816 /* NSString+Base64.m in Sources */,
				C7C1A84C17903F20005B3150 /* NSData+GIF.m in Sources */,
				C7EA52BE1786894800E1304C /* ParseSubscriptionOperation.m in Sources */,
				C762EC3517814C5700AF734E /* News.xcdatamodeld in Sources */,
				C7EA52C517868B1400E1304C /* ParseTagOperation.m in Sources */,
				C7C1A85517903F20005B3150 /* UIImage+GIF.m in Sources */,
				C7C1A85B179042C4005B3150 /* FeedCell.m in Sources */,
				C79A2408178BCBD300CB7E92 /* RSSCloudService.m in Sources */,
				C7C1A85217903F20005B3150 /* SDWebImageManager.m in Sources */,
				C7EA18FB1782BAAB0008D816 /* ISO8601DateFormatter.m in Sources */,
				C79A240B178BCBD300CB7E92 /* RSSParser.m in Sources */,
				C7EA18FD1782BAAB0008D816 /* NSObject+JL_KeyPathIntrospection.m in Sources */,
				C7C1A84E17903F20005B3150 /* SDWebImageCompat.m in Sources */,
				C7EA52BA1786894800E1304C /* CoreDataHelper.m in Sources */,
				C7EA52CD17868B5700E1304C /* Channel.m in Sources */,
				C7EA52BF1786894800E1304C /* SimpleEntriesListViewController.m in Sources */,
				C762EC2E17814C5700AF734E /* main.m in Sources */,
				C732385B178BEF970009DA29 /* RSSFeedManager.m in Sources */,
				C7C1A85317903F20005B3150 /* SDWebImagePrefetcher.m in Sources */,
				C78A3CC7178F99C200E5D326 /* DisplayListManager.m in Sources */,
				C79A2407178BCBD300CB7E92 /* RSSAttachedMedia.m in Sources */,
				C7C1A85817903F20005B3150 /* UIImageView+WebCache.m in Sources */,
				C7C1A84D17903F20005B3150 /* SDImageCache.m in Sources */,
				C79530D4178D494300A2BBE4 /* Media.m in Sources */,
				C79530E0178D93B900A2BBE4 /* DisplayList.m in Sources */,
			);
			runOnlyForDeploymentPostprocessing = 0;
		};
		C762EC3817814C5700AF734E /* Sources */ = {
			isa = PBXSourcesBuildPhase;
			buildActionMask = 2147483647;
			files = (
				C79A241A178BDB7A00CB7E92 /* RSSCloudService.m in Sources */,
				C79A241C178BDB7A00CB7E92 /* RSSFeed.m in Sources */,
				C771B66E178AA064007ADA69 /* TagTest.m in Sources */,
				C754B276178FBE970056B818 /* mztools.c in Sources */,
				C771B669178A7FF2007ADA69 /* ParserFeedbinTest.m in Sources */,
				C771B667178A7ECC007ADA69 /* ParserFeedbin.m in Sources */,
				C754B277178FBE970056B818 /* unzip.c in Sources */,
				C7AB8F7A178FAD5D0066BAC1 /* TestHelper.m in Sources */,
				C754B275178FBE970056B818 /* ioapi.c in Sources */,
				C79A2419178BDB7A00CB7E92 /* RSSAttachedMedia.m in Sources */,
				C754B279178FBE970056B818 /* SSZipArchive.m in Sources */,
				C79A2416178BDAE700CB7E92 /* RSSTest.m in Sources */,
				C732F3E9178D033C0095D380 /* MiscTest.m in Sources */,
				C79A241D178BDB7A00CB7E92 /* RSSParser.m in Sources */,
				C7E06652178D4AB600F44490 /* CoreDataRelationshipTest.m in Sources */,
				C771B65F178A70D2007ADA69 /* ChannelTest.m in Sources */,
				C79A2418178BDB7A00CB7E92 /* NSMutableString+RSSKit.m in Sources */,
				C732385C178BEF970009DA29 /* RSSFeedManager.m in Sources */,
				C748FB03178C5B9800B5E59F /* DIffBotTest.m in Sources */,
				C754B278178FBE970056B818 /* zip.c in Sources */,
				C7AB8F5F178F9F1F0066BAC1 /* DisplayListTest.m in Sources */,
				C79A241B178BDB7A00CB7E92 /* RSSEntry.m in Sources */,
			);
			runOnlyForDeploymentPostprocessing = 0;
		};
/* End PBXSourcesBuildPhase section */

/* Begin PBXTargetDependency section */
		C762EC4317814C5700AF734E /* PBXTargetDependency */ = {
			isa = PBXTargetDependency;
			target = C762EC1B17814C5700AF734E /* News */;
			targetProxy = C762EC4217814C5700AF734E /* PBXContainerItemProxy */;
		};
/* End PBXTargetDependency section */

/* Begin PBXVariantGroup section */
		C762EC2A17814C5700AF734E /* InfoPlist.strings */ = {
			isa = PBXVariantGroup;
			children = (
				C762EC2B17814C5700AF734E /* en */,
			);
			name = InfoPlist.strings;
			sourceTree = "<group>";
		};
		C762EC4717814C5700AF734E /* InfoPlist.strings */ = {
			isa = PBXVariantGroup;
			children = (
				C762EC4817814C5700AF734E /* en */,
			);
			name = InfoPlist.strings;
			sourceTree = "<group>";
		};
/* End PBXVariantGroup section */

/* Begin XCBuildConfiguration section */
		C762EC4C17814C5700AF734E /* Debug */ = {
			isa = XCBuildConfiguration;
			buildSettings = {
				ALWAYS_SEARCH_USER_PATHS = NO;
				CLANG_CXX_LANGUAGE_STANDARD = "gnu++0x";
				CLANG_CXX_LIBRARY = "libc++";
				CLANG_ENABLE_MODULES = YES;
				CLANG_ENABLE_OBJC_ARC = YES;
				CLANG_WARN_BOOL_CONVERSION = YES;
				CLANG_WARN_CONSTANT_CONVERSION = YES;
				CLANG_WARN_DIRECT_OBJC_ISA_USAGE = YES_ERROR;
				CLANG_WARN_EMPTY_BODY = YES;
				CLANG_WARN_ENUM_CONVERSION = YES;
				CLANG_WARN_INT_CONVERSION = YES;
				CLANG_WARN_OBJC_ROOT_CLASS = YES_ERROR;
				CLANG_WARN__DUPLICATE_METHOD_MATCH = YES;
				"CODE_SIGN_IDENTITY[sdk=iphoneos*]" = "iPhone Developer";
				COPY_PHASE_STRIP = NO;
				GCC_C_LANGUAGE_STANDARD = gnu99;
				GCC_DYNAMIC_NO_PIC = NO;
				GCC_OPTIMIZATION_LEVEL = 0;
				GCC_PREPROCESSOR_DEFINITIONS = (
					"DEBUG=1",
					"$(inherited)",
				);
				GCC_SYMBOLS_PRIVATE_EXTERN = NO;
				GCC_WARN_ABOUT_RETURN_TYPE = YES_ERROR;
				GCC_WARN_UNDECLARED_SELECTOR = YES;
				GCC_WARN_UNINITIALIZED_AUTOS = YES;
				GCC_WARN_UNUSED_FUNCTION = YES;
				GCC_WARN_UNUSED_VARIABLE = YES;
				IPHONEOS_DEPLOYMENT_TARGET = 7.0;
				ONLY_ACTIVE_ARCH = YES;
				SDKROOT = iphoneos;
				TARGETED_DEVICE_FAMILY = "1,2";
			};
			name = Debug;
		};
		C762EC4D17814C5700AF734E /* Release */ = {
			isa = XCBuildConfiguration;
			buildSettings = {
				ALWAYS_SEARCH_USER_PATHS = NO;
				CLANG_CXX_LANGUAGE_STANDARD = "gnu++0x";
				CLANG_CXX_LIBRARY = "libc++";
				CLANG_ENABLE_MODULES = YES;
				CLANG_ENABLE_OBJC_ARC = YES;
				CLANG_WARN_BOOL_CONVERSION = YES;
				CLANG_WARN_CONSTANT_CONVERSION = YES;
				CLANG_WARN_DIRECT_OBJC_ISA_USAGE = YES_ERROR;
				CLANG_WARN_EMPTY_BODY = YES;
				CLANG_WARN_ENUM_CONVERSION = YES;
				CLANG_WARN_INT_CONVERSION = YES;
				CLANG_WARN_OBJC_ROOT_CLASS = YES_ERROR;
				CLANG_WARN__DUPLICATE_METHOD_MATCH = YES;
				"CODE_SIGN_IDENTITY[sdk=iphoneos*]" = "iPhone Developer";
				COPY_PHASE_STRIP = YES;
				ENABLE_NS_ASSERTIONS = NO;
				GCC_C_LANGUAGE_STANDARD = gnu99;
				GCC_WARN_ABOUT_RETURN_TYPE = YES_ERROR;
				GCC_WARN_UNDECLARED_SELECTOR = YES;
				GCC_WARN_UNINITIALIZED_AUTOS = YES;
				GCC_WARN_UNUSED_FUNCTION = YES;
				GCC_WARN_UNUSED_VARIABLE = YES;
				IPHONEOS_DEPLOYMENT_TARGET = 7.0;
				SDKROOT = iphoneos;
				TARGETED_DEVICE_FAMILY = "1,2";
				VALIDATE_PRODUCT = YES;
			};
			name = Release;
		};
		C762EC4F17814C5700AF734E /* Debug */ = {
			isa = XCBuildConfiguration;
			buildSettings = {
				ASSETCATALOG_COMPILER_APPICON_NAME = AppIcon;
				ASSETCATALOG_COMPILER_LAUNCHIMAGE_NAME = LaunchImage;
				FRAMEWORK_SEARCH_PATHS = (
					"$(inherited)",
					"$(SRCROOT)/News",
				);
				GCC_PRECOMPILE_PREFIX_HEADER = YES;
				GCC_PREFIX_HEADER = "News/News-Prefix.pch";
				INFOPLIST_FILE = "News/News-Info.plist";
				PRODUCT_NAME = "$(TARGET_NAME)";
				WRAPPER_EXTENSION = app;
			};
			name = Debug;
		};
		C762EC5017814C5700AF734E /* Release */ = {
			isa = XCBuildConfiguration;
			buildSettings = {
				ASSETCATALOG_COMPILER_APPICON_NAME = AppIcon;
				ASSETCATALOG_COMPILER_LAUNCHIMAGE_NAME = LaunchImage;
				FRAMEWORK_SEARCH_PATHS = (
					"$(inherited)",
					"$(SRCROOT)/News",
				);
				GCC_PRECOMPILE_PREFIX_HEADER = YES;
				GCC_PREFIX_HEADER = "News/News-Prefix.pch";
				INFOPLIST_FILE = "News/News-Info.plist";
				PRODUCT_NAME = "$(TARGET_NAME)";
				WRAPPER_EXTENSION = app;
			};
			name = Release;
		};
		C762EC5217814C5700AF734E /* Debug */ = {
			isa = XCBuildConfiguration;
			buildSettings = {
				BUNDLE_LOADER = "$(BUILT_PRODUCTS_DIR)/News.app/News";
				CODE_SIGN_IDENTITY = "iPhone Developer";
				FRAMEWORK_SEARCH_PATHS = (
					"$(SDKROOT)/Developer/Library/Frameworks",
					"$(inherited)",
					"$(SYSTEM_APPS_DIR)/Xcode5-DP\\ 2.app/Contents/Developer/Library/Frameworks",
				);
				GCC_PRECOMPILE_PREFIX_HEADER = YES;
				GCC_PREFIX_HEADER = "News/News-Prefix.pch";
				GCC_PREPROCESSOR_DEFINITIONS = (
					"DEBUG=1",
					"$(inherited)",
				);
				INFOPLIST_FILE = "NewsTests/NewsTests-Info.plist";
				PRODUCT_NAME = "$(TARGET_NAME)";
				TEST_HOST = "$(BUNDLE_LOADER)";
				WRAPPER_EXTENSION = xctest;
			};
			name = Debug;
		};
		C762EC5317814C5700AF734E /* Release */ = {
			isa = XCBuildConfiguration;
			buildSettings = {
				BUNDLE_LOADER = "$(BUILT_PRODUCTS_DIR)/News.app/News";
				CODE_SIGN_IDENTITY = "iPhone Developer";
				FRAMEWORK_SEARCH_PATHS = (
					"$(SDKROOT)/Developer/Library/Frameworks",
					"$(inherited)",
					"$(SYSTEM_APPS_DIR)/Xcode5-DP\\ 2.app/Contents/Developer/Library/Frameworks",
				);
				GCC_PRECOMPILE_PREFIX_HEADER = YES;
				GCC_PREFIX_HEADER = "News/News-Prefix.pch";
				INFOPLIST_FILE = "NewsTests/NewsTests-Info.plist";
				PRODUCT_NAME = "$(TARGET_NAME)";
				TEST_HOST = "$(BUNDLE_LOADER)";
				WRAPPER_EXTENSION = xctest;
			};
			name = Release;
		};
/* End XCBuildConfiguration section */

/* Begin XCConfigurationList section */
		C762EC1717814C5700AF734E /* Build configuration list for PBXProject "News" */ = {
			isa = XCConfigurationList;
			buildConfigurations = (
				C762EC4C17814C5700AF734E /* Debug */,
				C762EC4D17814C5700AF734E /* Release */,
			);
			defaultConfigurationIsVisible = 0;
			defaultConfigurationName = Release;
		};
		C762EC4E17814C5700AF734E /* Build configuration list for PBXNativeTarget "News" */ = {
			isa = XCConfigurationList;
			buildConfigurations = (
				C762EC4F17814C5700AF734E /* Debug */,
				C762EC5017814C5700AF734E /* Release */,
			);
			defaultConfigurationIsVisible = 0;
			defaultConfigurationName = Release;
		};
		C762EC5117814C5700AF734E /* Build configuration list for PBXNativeTarget "NewsTests" */ = {
			isa = XCConfigurationList;
			buildConfigurations = (
				C762EC5217814C5700AF734E /* Debug */,
				C762EC5317814C5700AF734E /* Release */,
			);
			defaultConfigurationIsVisible = 0;
			defaultConfigurationName = Release;
		};
/* End XCConfigurationList section */

/* Begin XCVersionGroup section */
		C762EC3317814C5700AF734E /* News.xcdatamodeld */ = {
			isa = XCVersionGroup;
			children = (
				C762EC3417814C5700AF734E /* News.xcdatamodel */,
			);
			currentVersion = C762EC3417814C5700AF734E /* News.xcdatamodel */;
			name = News.xcdatamodeld;
			path = ../News.xcdatamodeld;
			sourceTree = "<group>";
			versionGroupType = wrapper.xcdatamodel;
		};
/* End XCVersionGroup section */
	};
	rootObject = C762EC1417814C5700AF734E /* Project object */;
}
